{
  "version": 4,
  "terraform_version": "1.14.7",
  "serial": 1046,
  "lineage": "fdfd8eca-c965-6b9d-a815-e0c3bfdbee69",
  "outputs": {
    "bucket_arn": {
      "value": "arn:aws:s3:::terraform-data-lake-bucket",
      "type": "string"
    },
    "bucket_id": {
      "value": "terraform-data-lake-bucket",
      "type": "string"
    },
    "db_endpoint": {
      "value": "dvdrentals-database.cbia4semc2rv.us-west-2.rds.amazonaws.com:5432",
      "type": "string"
    },
    "db_hostname": {
      "value": "dvdrentals",
      "type": "string"
    },
    "db_password": {
      "value": "arn:aws:secretsmanager:us-west-2:396768596145:secret:rds!db-fa3268a1-cf45-45ae-95c4-a52c92a411fc-Kd6NLp",
      "type": "string",
      "sensitive": true
    },
    "db_port": {
      "value": 5432,
      "type": "number"
    },
    "db_username": {
      "value": "postgres_master_user",
      "type": "string",
      "sensitive": true
    }
  },
  "resources": [
    {
      "mode": "data",
      "type": "aws_iam_policy",
      "name": "redshift_full_access",
      "provider": "provider[\"registry.terraform.io/hashicorp/aws\"]",
      "instances": [
        {
          "schema_version": 0,
          "attributes": {
            "arn": "arn:aws:iam::aws:policy/AmazonRedshiftAllCommandsFullAccess",
            "attachment_count": 3,
            "description": "This policy includes permissions to run SQL commands to copy, load, unload, query, and analyze data on Amazon Redshift. The policy also grants permissions to run select statements for related services, such as Amazon S3, Amazon CloudWatch logs, Amazon SageMaker, or AWS Glue.",
            "id": "arn:aws:iam::aws:policy/AmazonRedshiftAllCommandsFullAccess",
            "name": "AmazonRedshiftAllCommandsFullAccess",
            "path": "/",
            "path_prefix": null,
            "policy": "{\"Statement\":[{\"Action\":[\"sagemaker:CreateTrainingJob\",\"sagemaker:CreateAutoMLJob\",\"sagemaker:CreateCompilationJob\",\"sagemaker:CreateEndpoint\",\"sagemaker:DescribeAutoMLJob\",\"sagemaker:DescribeTrainingJob\",\"sagemaker:DescribeCompilationJob\",\"sagemaker:DescribeProcessingJob\",\"sagemaker:DescribeTransformJob\",\"sagemaker:ListCandidatesForAutoMLJob\",\"sagemaker:StopAutoMLJob\",\"sagemaker:StopCompilationJob\",\"sagemaker:StopTrainingJob\",\"sagemaker:DescribeEndpoint\",\"sagemaker:InvokeEndpoint\",\"sagemaker:StopProcessingJob\",\"sagemaker:CreateModel\",\"sagemaker:CreateProcessingJob\"],\"Effect\":\"Allow\",\"Resource\":[\"arn:aws:sagemaker:*:*:model/*redshift*\",\"arn:aws:sagemaker:*:*:training-job/*redshift*\",\"arn:aws:sagemaker:*:*:automl-job/*redshift*\",\"arn:aws:sagemaker:*:*:compilation-job/*redshift*\",\"arn:aws:sagemaker:*:*:processing-job/*redshift*\",\"arn:aws:sagemaker:*:*:transform-job/*redshift*\",\"arn:aws:sagemaker:*:*:endpoint/*redshift*\"]},{\"Action\":[\"logs:CreateLogGroup\",\"logs:CreateLogStream\",\"logs:DescribeLogStreams\",\"logs:PutLogEvents\"],\"Effect\":\"Allow\",\"Resource\":[\"arn:aws:logs:*:*:log-group:/aws/sagemaker/Endpoints/*redshift*\",\"arn:aws:logs:*:*:log-group:/aws/sagemaker/ProcessingJobs/*redshift*\",\"arn:aws:logs:*:*:log-group:/aws/sagemaker/TrainingJobs/*redshift*\",\"arn:aws:logs:*:*:log-group:/aws/sagemaker/TransformJobs/*redshift*\"]},{\"Action\":[\"cloudwatch:PutMetricData\"],\"Condition\":{\"StringEquals\":{\"cloudwatch:namespace\":[\"SageMaker\",\"/aws/sagemaker/Endpoints\",\"/aws/sagemaker/ProcessingJobs\",\"/aws/sagemaker/TrainingJobs\",\"/aws/sagemaker/TransformJobs\"]}},\"Effect\":\"Allow\",\"Resource\":\"*\"},{\"Action\":[\"ecr:BatchCheckLayerAvailability\",\"ecr:BatchGetImage\",\"ecr:GetAuthorizationToken\",\"ecr:GetDownloadUrlForLayer\"],\"Effect\":\"Allow\",\"Resource\":\"*\"},{\"Action\":[\"s3:GetObject\",\"s3:GetBucketAcl\",\"s3:GetBucketCors\",\"s3:GetEncryptionConfiguration\",\"s3:GetBucketLocation\",\"s3:ListBucket\",\"s3:ListAllMyBuckets\",\"s3:ListMultipartUploadParts\",\"s3:ListBucketMultipartUploads\",\"s3:PutObject\",\"s3:PutBucketAcl\",\"s3:PutBucketCors\",\"s3:DeleteObject\",\"s3:AbortMultipartUpload\",\"s3:CreateBucket\"],\"Effect\":\"Allow\",\"Resource\":[\"arn:aws:s3:::redshift-downloads\",\"arn:aws:s3:::redshift-downloads/*\",\"arn:aws:s3:::*redshift*\",\"arn:aws:s3:::*redshift*/*\"]},{\"Action\":[\"s3:GetObject\"],\"Condition\":{\"StringEqualsIgnoreCase\":{\"s3:ExistingObjectTag/Redshift\":\"true\"}},\"Effect\":\"Allow\",\"Resource\":\"*\"},{\"Action\":[\"dynamodb:Scan\",\"dynamodb:DescribeTable\",\"dynamodb:Getitem\"],\"Effect\":\"Allow\",\"Resource\":[\"arn:aws:dynamodb:*:*:table/*redshift*\",\"arn:aws:dynamodb:*:*:table/*redshift*/index/*\"]},{\"Action\":[\"elasticmapreduce:ListInstances\"],\"Effect\":\"Allow\",\"Resource\":[\"arn:aws:elasticmapreduce:*:*:cluster/*redshift*\"]},{\"Action\":[\"elasticmapreduce:ListInstances\"],\"Condition\":{\"StringEqualsIgnoreCase\":{\"elasticmapreduce:ResourceTag/Redshift\":\"true\"}},\"Effect\":\"Allow\",\"Resource\":\"*\"},{\"Action\":[\"lambda:InvokeFunction\"],\"Effect\":\"Allow\",\"Resource\":\"arn:aws:lambda:*:*:function:*redshift*\"},{\"Action\":[\"glue:CreateDatabase\",\"glue:DeleteDatabase\",\"glue:GetDatabase\",\"glue:GetDatabases\",\"glue:UpdateDatabase\",\"glue:CreateTable\",\"glue:DeleteTable\",\"glue:BatchDeleteTable\",\"glue:UpdateTable\",\"glue:GetTable\",\"glue:GetTables\",\"glue:BatchCreatePartition\",\"glue:CreatePartition\",\"glue:DeletePartition\",\"glue:BatchDeletePartition\",\"glue:UpdatePartition\",\"glue:GetPartition\",\"glue:GetPartitions\",\"glue:BatchGetPartition\"],\"Effect\":\"Allow\",\"Resource\":[\"arn:aws:glue:*:*:table/*redshift*/*\",\"arn:aws:glue:*:*:catalog\",\"arn:aws:glue:*:*:database/*redshift*\"]},{\"Action\":[\"secretsmanager:GetResourcePolicy\",\"secretsmanager:GetSecretValue\",\"secretsmanager:DescribeSecret\",\"secretsmanager:ListSecretVersionIds\"],\"Effect\":\"Allow\",\"Resource\":[\"arn:aws:secretsmanager:*:*:secret:*redshift*\"]},{\"Action\":[\"secretsmanager:GetRandomPassword\",\"secretsmanager:ListSecrets\"],\"Effect\":\"Allow\",\"Resource\":\"*\"},{\"Action\":[\"iam:PassRole\"],\"Condition\":{\"StringEquals\":{\"iam:PassedToService\":[\"redshift.amazonaws.com\",\"glue.amazonaws.com\",\"sagemaker.amazonaws.com\",\"athena.amazonaws.com\"]}},\"Effect\":\"Allow\",\"Resource\":\"arn:aws:iam::*:role/*\"}],\"Version\":\"2012-10-17\"}",
            "policy_id": "ANPAZKAPJZG4FLN3TI7CS",
            "tags": {}
          },
          "sensitive_attributes": [],
          "identity_schema_version": 0
        }
      ]
    },
    {
      "mode": "data",
      "type": "aws_iam_policy",
      "name": "redshift_full_access_two",
      "provider": "provider[\"registry.terraform.io/hashicorp/aws\"]",
      "instances": [
        {
          "schema_version": 0,
          "attributes": {
            "arn": "arn:aws:iam::aws:policy/AmazonRedshiftFullAccess",
            "attachment_count": 2,
            "description": "Provides full access to Amazon Redshift via the AWS Management Console.",
            "id": "arn:aws:iam::aws:policy/AmazonRedshiftFullAccess",
            "name": "AmazonRedshiftFullAccess",
            "path": "/",
            "path_prefix": null,
            "policy": "{\"Statement\":[{\"Action\":[\"redshift:*\",\"redshift-serverless:*\",\"ec2:DescribeAccountAttributes\",\"ec2:DescribeAddresses\",\"ec2:DescribeAvailabilityZones\",\"ec2:DescribeSecurityGroups\",\"ec2:DescribeSubnets\",\"ec2:DescribeVpcs\",\"ec2:DescribeInternetGateways\",\"sns:CreateTopic\",\"sns:Get*\",\"sns:List*\",\"cloudwatch:Describe*\",\"cloudwatch:Get*\",\"cloudwatch:List*\",\"cloudwatch:PutMetricAlarm\",\"cloudwatch:EnableAlarmActions\",\"cloudwatch:DisableAlarmActions\",\"tag:GetResources\",\"tag:UntagResources\",\"tag:GetTagValues\",\"tag:GetTagKeys\",\"tag:TagResources\"],\"Effect\":\"Allow\",\"Resource\":\"*\"},{\"Action\":\"iam:CreateServiceLinkedRole\",\"Condition\":{\"StringLike\":{\"iam:AWSServiceName\":\"redshift.amazonaws.com\"}},\"Effect\":\"Allow\",\"Resource\":\"arn:aws:iam::*:role/aws-service-role/redshift.amazonaws.com/AWSServiceRoleForRedshift\"},{\"Action\":[\"redshift-data:ExecuteStatement\",\"redshift-data:CancelStatement\",\"redshift-data:ListStatements\",\"redshift-data:GetStatementResult\",\"redshift-data:DescribeStatement\",\"redshift-data:ListDatabases\",\"redshift-data:ListSchemas\",\"redshift-data:ListTables\",\"redshift-data:DescribeTable\"],\"Effect\":\"Allow\",\"Resource\":\"*\",\"Sid\":\"DataAPIPermissions\"},{\"Action\":[\"secretsmanager:ListSecrets\"],\"Effect\":\"Allow\",\"Resource\":\"*\",\"Sid\":\"SecretsManagerListPermissions\"},{\"Action\":[\"secretsmanager:CreateSecret\",\"secretsmanager:GetSecretValue\",\"secretsmanager:TagResource\"],\"Condition\":{\"StringLike\":{\"secretsmanager:ResourceTag/RedshiftDataFullAccess\":\"*\"}},\"Effect\":\"Allow\",\"Resource\":\"*\",\"Sid\":\"SecretsManagerCreateGetPermissions\"}],\"Version\":\"2012-10-17\"}",
            "policy_id": "ANPAISEKCHH4YDB46B5ZO",
            "tags": {}
          },
          "sensitive_attributes": [],
          "identity_schema_version": 0
        }
      ]
    },
    {
      "mode": "data",
      "type": "aws_secretsmanager_secret_version",
      "name": "db",
      "provider": "provider[\"registry.terraform.io/hashicorp/aws\"]",
      "instances": [
        {
          "schema_version": 0,
          "attributes": {
            "arn": "arn:aws:secretsmanager:us-west-2:396768596145:secret:rds!db-fa3268a1-cf45-45ae-95c4-a52c92a411fc-Kd6NLp",
            "created_date": "2026-04-02T14:09:05Z",
            "id": "arn:aws:secretsmanager:us-west-2:396768596145:secret:rds!db-fa3268a1-cf45-45ae-95c4-a52c92a411fc-Kd6NLp|AWSCURRENT",
            "region": "us-west-2",
            "secret_binary": "",
            "secret_id": "arn:aws:secretsmanager:us-west-2:396768596145:secret:rds!db-fa3268a1-cf45-45ae-95c4-a52c92a411fc-Kd6NLp",
            "secret_string": "{\"username\":\"postgres_master_user\",\"password\":\"m_aewhcaig\u003c95sQDr])Na_|bD16(\"}",
            "version_id": "4363c2da-3fdb-4153-896f-81a87ca870a5",
            "version_stage": "AWSCURRENT",
            "version_stages": [
              "AWSCURRENT"
            ]
          },
          "sensitive_attributes": [
            [
              {
                "type": "get_attr",
                "value": "secret_binary"
              }
            ],
            [
              {
                "type": "get_attr",
                "value": "secret_string"
              }
            ]
          ],
          "identity_schema_version": 0
        }
      ]
    },
    {
      "mode": "managed",
      "type": "aws_glue_catalog_database",
      "name": "dvdrentals_glue_db",
      "provider": "provider[\"registry.terraform.io/hashicorp/aws\"]",
      "instances": [
        {
          "schema_version": 0,
          "attributes": {
            "arn": "arn:aws:glue:us-west-2:396768596145:database/dvdrentals",
            "catalog_id": "396768596145",
            "create_table_default_permission": [
              {
                "permissions": [
                  "SELECT"
                ],
                "principal": [
                  {
                    "data_lake_principal_identifier": "IAM_ALLOWED_PRINCIPALS"
                  }
                ]
              }
            ],
            "description": "",
            "federated_database": [],
            "id": "396768596145:dvdrentals",
            "location_uri": "",
            "name": "dvdrentals",
            "parameters": {},
            "region": "us-west-2",
            "tags": {},
            "tags_all": {},
            "target_database": []
          },
          "sensitive_attributes": [],
          "identity_schema_version": 0,
          "private": "bnVsbA=="
        }
      ]
    },
    {
      "mode": "managed",
      "type": "aws_glue_connection",
      "name": "postgres_connection",
      "provider": "provider[\"registry.terraform.io/hashicorp/aws\"]",
      "instances": [
        {
          "schema_version": 0,
          "attributes": {
            "arn": "arn:aws:glue:us-west-2:396768596145:connection/postgres_connection",
            "athena_properties": {},
            "catalog_id": "396768596145",
            "connection_properties": {
              "JDBC_CONNECTION_URL": "jdbc:postgresql://dvdrentals-database.cbia4semc2rv.us-west-2.rds.amazonaws.com:5432/dvdrentals",
              "PASSWORD": "m_aewhcaig\u003c95sQDr])Na_|bD16(",
              "USERNAME": "postgres_master_user"
            },
            "connection_type": "JDBC",
            "description": "",
            "id": "396768596145:postgres_connection",
            "match_criteria": [],
            "name": "postgres_connection",
            "physical_connection_requirements": [
              {
                "availability_zone": "us-west-2a",
                "security_group_id_list": [
                  "sg-0f33b895832603a9d"
                ],
                "subnet_id": "subnet-0a1cc2a4af66e2dd8"
              }
            ],
            "region": "us-west-2",
            "tags": {},
            "tags_all": {}
          },
          "sensitive_attributes": [
            [
              {
                "type": "get_attr",
                "value": "athena_properties"
              }
            ],
            [
              {
                "type": "get_attr",
                "value": "connection_properties"
              }
            ],
            [
              {
                "type": "get_attr",
                "value": "connection_properties"
              },
              {
                "type": "index",
                "value": {
                  "value": "PASSWORD",
                  "type": "string"
                }
              }
            ],
            [
              {
                "type": "get_attr",
                "value": "connection_properties"
              },
              {
                "type": "index",
                "value": {
                  "value": "USERNAME",
                  "type": "string"
                }
              }
            ]
          ],
          "identity_schema_version": 0,
          "private": "bnVsbA==",
          "dependencies": [
            "aws_security_group.main",
            "data.aws_secretsmanager_secret_version.db",
            "module.db.module.db_instance.aws_cloudwatch_log_group.this",
            "module.db.module.db_instance.aws_db_instance.this",
            "module.db.module.db_instance.aws_iam_role.enhanced_monitoring",
            "module.db.module.db_instance.data.aws_iam_policy_document.enhanced_monitoring",
            "module.db.module.db_instance.random_id.snapshot_identifier",
            "module.db.module.db_option_group.aws_db_option_group.this",
            "module.db.module.db_parameter_group.aws_db_parameter_group.this",
            "module.db.module.db_subnet_group.aws_db_subnet_group.this",
            "module.vpc.aws_subnet.private",
            "module.vpc.aws_vpc.this",
            "module.vpc.aws_vpc_ipv4_cidr_block_association.this"
          ]
        }
      ]
    },
    {
      "mode": "managed",
      "type": "aws_glue_job",
      "name": "etl_job",
      "provider": "provider[\"registry.terraform.io/hashicorp/aws\"]",
      "instances": [
        {
          "schema_version": 0,
          "attributes": {
            "arn": "arn:aws:glue:us-west-2:396768596145:job/dvdrentals-extraction-tf",
            "command": [
              {
                "name": "glueetl",
                "python_version": "3",
                "runtime": "",
                "script_location": "s3://terraform-glue-scripts-bucket/jobs/etl_job.py"
              }
            ],
            "connections": [
              "postgres_connection"
            ],
            "default_arguments": {
              "--continuous-log-logGroup": "/aws-glue/jobs",
              "--enable-auto-scaling": "true",
              "--enable-continuous-cloudwatch-log": "true",
              "--enable-continuous-log-filter": "true",
              "--enable-glue-datacatalog": "true",
              "--enable-metrics": "",
              "--job-language": "python"
            },
            "description": "An example Glue ETL job",
            "execution_class": "STANDARD",
            "execution_property": [
              {
                "max_concurrent_runs": 1
              }
            ],
            "glue_version": "5.0",
            "id": "dvdrentals-extraction-tf",
            "job_mode": "SCRIPT",
            "job_run_queuing_enabled": false,
            "maintenance_window": "",
            "max_capacity": 2,
            "max_retries": 0,
            "name": "dvdrentals-extraction-tf",
            "non_overridable_arguments": {},
            "notification_property": [
              {
                "notify_delay_after": 3
              }
            ],
            "number_of_workers": 2,
            "region": "us-west-2",
            "role_arn": "arn:aws:iam::396768596145:role/glue-job-role",
            "security_configuration": "",
            "source_control_details": [],
            "tags": {
              "ManagedBy": "AWS"
            },
            "tags_all": {
              "ManagedBy": "AWS"
            },
            "timeout": 2880,
            "worker_type": "G.1X"
          },
          "sensitive_attributes": [],
          "identity_schema_version": 0,
          "private": "bnVsbA==",
          "dependencies": [
            "aws_glue_connection.postgres_connection",
            "aws_iam_role.glue_job_role",
            "aws_security_group.main",
            "data.aws_secretsmanager_secret_version.db",
            "module.db.module.db_instance.aws_cloudwatch_log_group.this",
            "module.db.module.db_instance.aws_db_instance.this",
            "module.db.module.db_instance.aws_iam_role.enhanced_monitoring",
            "module.db.module.db_instance.data.aws_iam_policy_document.enhanced_monitoring",
            "module.db.module.db_instance.random_id.snapshot_identifier",
            "module.db.module.db_option_group.aws_db_option_group.this",
            "module.db.module.db_parameter_group.aws_db_parameter_group.this",
            "module.db.module.db_subnet_group.aws_db_subnet_group.this",
            "module.s3_bucket_glue_scripts.aws_s3_bucket.this",
            "module.s3_bucket_glue_scripts.aws_s3_bucket_policy.this",
            "module.s3_bucket_glue_scripts.data.aws_elb_service_account.this",
            "module.s3_bucket_glue_scripts.data.aws_iam_policy_document.combined",
            "module.s3_bucket_glue_scripts.data.aws_iam_policy_document.deny_insecure_transport",
            "module.s3_bucket_glue_scripts.data.aws_iam_policy_document.elb_log_delivery",
            "module.s3_bucket_glue_scripts.data.aws_iam_policy_document.lb_log_delivery",
            "module.s3_bucket_glue_scripts.data.aws_iam_policy_document.require_latest_tls",
            "module.vpc.aws_subnet.private",
            "module.vpc.aws_vpc.this",
            "module.vpc.aws_vpc_ipv4_cidr_block_association.this"
          ]
        }
      ]
    },
    {
      "mode": "managed",
      "type": "aws_glue_trigger",
      "name": "example-start",
      "provider": "provider[\"registry.terraform.io/hashicorp/aws\"]",
      "instances": [
        {
          "schema_version": 0,
          "attributes": {
            "actions": [
              {
                "arguments": {},
                "crawler_name": "",
                "job_name": "dvdrentals-extraction-tf",
                "notification_property": [],
                "security_configuration": "",
                "timeout": 0
              }
            ],
            "arn": "arn:aws:glue:us-west-2:396768596145:trigger/trigger-start",
            "description": "",
            "enabled": true,
            "event_batching_condition": [],
            "id": "trigger-start",
            "name": "trigger-start",
            "predicate": [],
            "region": "us-west-2",
            "schedule": "",
            "start_on_creation": null,
            "state": "CREATED",
            "tags": {},
            "tags_all": {},
            "timeouts": null,
            "type": "ON_DEMAND",
            "workflow_name": "dvdrentals-workflow"
          },
          "sensitive_attributes": [],
          "identity_schema_version": 0,
          "private": "eyJlMmJmYjczMC1lY2FhLTExZTYtOGY4OC0zNDM2M2JjN2M0YzAiOnsiY3JlYXRlIjozMDAwMDAwMDAwMDAsImRlbGV0ZSI6MzAwMDAwMDAwMDAwLCJ1cGRhdGUiOjMwMDAwMDAwMDAwMH19",
          "dependencies": [
            "aws_glue_workflow.dvdrentals_workflow"
          ]
        }
      ]
    },
    {
      "mode": "managed",
      "type": "aws_glue_workflow",
      "name": "dvdrentals_workflow",
      "provider": "provider[\"registry.terraform.io/hashicorp/aws\"]",
      "instances": [
        {
          "schema_version": 0,
          "attributes": {
            "arn": "arn:aws:glue:us-west-2:396768596145:workflow/dvdrentals-workflow",
            "default_run_properties": {},
            "description": "",
            "id": "dvdrentals-workflow",
            "max_concurrent_runs": 0,
            "name": "dvdrentals-workflow",
            "region": "us-west-2",
            "tags": {},
            "tags_all": {}
          },
          "sensitive_attributes": [],
          "identity_schema_version": 0,
          "private": "bnVsbA=="
        }
      ]
    },
    {
      "mode": "managed",
      "type": "aws_iam_policy",
      "name": "redshift_spectrum_policy",
      "provider": "provider[\"registry.terraform.io/hashicorp/aws\"]",
      "instances": [
        {
          "schema_version": 0,
          "attributes": {
            "arn": "arn:aws:iam::396768596145:policy/redshift-spectrum-policy",
            "attachment_count": 1,
            "delay_after_policy_creation_in_ms": null,
            "description": "Allows Redshift Serverless to query external tables via Spectrum and Glue Data Catalog",
            "id": "arn:aws:iam::396768596145:policy/redshift-spectrum-policy",
            "name": "redshift-spectrum-policy",
            "name_prefix": "",
            "path": "/",
            "policy": "{\"Statement\":[{\"Action\":[\"glue:GetDatabase\",\"glue:GetDatabases\",\"glue:CreateDatabase\",\"glue:GetTable\",\"glue:GetTables\",\"glue:CreateTable\",\"glue:GetPartition\",\"glue:GetPartitions\",\"glue:BatchGetPartition\",\"glue:GetUserDefinedFunction\",\"glue:GetUserDefinedFunctions\"],\"Effect\":\"Allow\",\"Resource\":\"*\",\"Sid\":\"GlueAccess\"},{\"Action\":[\"s3:GetObject\",\"s3:GetBucketAcl\",\"s3:GetBucketCors\",\"s3:GetEncryptionConfiguration\",\"s3:GetBucketLocation\",\"s3:ListBucket\",\"s3:ListAllMyBuckets\",\"s3:ListMultipartUploadParts\",\"s3:ListBucketMultipartUploads\",\"s3:PutObject\",\"s3:PutBucketAcl\",\"s3:PutBucketCors\",\"s3:DeleteObject\",\"s3:AbortMultipartUpload\",\"s3:CreateBucket\"],\"Effect\":\"Allow\",\"Resource\":[\"arn:aws:s3:::terraform-data-lake-bucket\",\"arn:aws:s3:::terraform-data-lake-bucket/*\"],\"Sid\":\"S3Access\"},{\"Action\":[\"s3:ListAllMyBuckets\"],\"Effect\":\"Allow\",\"Resource\":\"*\",\"Sid\":\"S3ListAllBuckets\"},{\"Action\":[\"lakeformation:GetDataAccess\",\"lakeformation:GrantPermissions\",\"lakeformation:GetResourceLFTags\",\"lakeformation:ListLFTags\"],\"Effect\":\"Allow\",\"Resource\":\"*\",\"Sid\":\"LakeFormationDataAccess\"}],\"Version\":\"2012-10-17\"}",
            "policy_id": "ANPAVYYKAKCYZSJEKHTUD",
            "tags": {},
            "tags_all": {}
          },
          "sensitive_attributes": [],
          "identity_schema_version": 0,
          "identity": {
            "arn": "arn:aws:iam::396768596145:policy/redshift-spectrum-policy"
          },
          "private": "bnVsbA=="
        }
      ]
    },
    {
      "mode": "managed",
      "type": "aws_iam_role",
      "name": "glue_job_role",
      "provider": "provider[\"registry.terraform.io/hashicorp/aws\"]",
      "instances": [
        {
          "schema_version": 0,
          "attributes": {
            "arn": "arn:aws:iam::396768596145:role/glue-job-role",
            "assume_role_policy": "{\"Statement\":[{\"Action\":\"sts:AssumeRole\",\"Effect\":\"Allow\",\"Principal\":{\"Service\":\"glue.amazonaws.com\"}}],\"Version\":\"2012-10-17\"}",
            "create_date": "2026-04-02T14:06:29Z",
            "description": "",
            "force_detach_policies": false,
            "id": "glue-job-role",
            "inline_policy": [
              {
                "name": "glue-catalog-lakeformation",
                "policy": "{\"Version\":\"2012-10-17\",\"Statement\":[{\"Action\":[\"glue:GetDatabase\",\"glue:GetDatabases\",\"glue:GetTable\",\"glue:GetTables\",\"glue:GetPartition\",\"glue:GetPartitions\",\"glue:CreateDatabase\",\"glue:CreateTable\",\"glue:UpdateTable\",\"glue:DeleteTable\",\"glue:BatchGetPartition\"],\"Effect\":\"Allow\",\"Resource\":\"*\",\"Sid\":\"GlueCatalogAccess\"},{\"Action\":[\"lakeformation:GetDataAccess\",\"lakeformation:GrantPermissions\",\"lakeformation:GetResourceLFTags\",\"lakeformation:ListLFTags\"],\"Effect\":\"Allow\",\"Resource\":\"*\",\"Sid\":\"LakeFormationDataAccess\"}]}"
              }
            ],
            "managed_policy_arns": [
              "arn:aws:iam::aws:policy/AmazonRDSFullAccess",
              "arn:aws:iam::aws:policy/AmazonS3FullAccess",
              "arn:aws:iam::aws:policy/SecretsManagerReadWrite",
              "arn:aws:iam::aws:policy/service-role/AWSGlueServiceRole"
            ],
            "max_session_duration": 3600,
            "name": "glue-job-role",
            "name_prefix": "",
            "path": "/",
            "permissions_boundary": "",
            "tags": {},
            "tags_all": {},
            "unique_id": "AROAVYYKAKCYTPVAGCGM3"
          },
          "sensitive_attributes": [],
          "identity_schema_version": 0,
          "identity": {
            "account_id": "396768596145",
            "name": "glue-job-role"
          },
          "private": "bnVsbA=="
        }
      ]
    },
    {
      "mode": "managed",
      "type": "aws_iam_role",
      "name": "redshift_spectrum_role",
      "provider": "provider[\"registry.terraform.io/hashicorp/aws\"]",
      "instances": [
        {
          "schema_version": 0,
          "attributes": {
            "arn": "arn:aws:iam::396768596145:role/redshift-spectrum-role",
            "assume_role_policy": "{\"Statement\":[{\"Action\":\"sts:AssumeRole\",\"Effect\":\"Allow\",\"Principal\":{\"Service\":[\"redshift.amazonaws.com\",\"redshift-serverless.amazonaws.com\"]},\"Sid\":\"RedshiftAssumeRole\"}],\"Version\":\"2012-10-17\"}",
            "create_date": "2026-04-02T14:06:29Z",
            "description": "",
            "force_detach_policies": false,
            "id": "redshift-spectrum-role",
            "inline_policy": [],
            "managed_policy_arns": [
              "arn:aws:iam::396768596145:policy/redshift-spectrum-policy",
              "arn:aws:iam::aws:policy/AmazonRedshiftAllCommandsFullAccess",
              "arn:aws:iam::aws:policy/AmazonRedshiftFullAccess"
            ],
            "max_session_duration": 3600,
            "name": "redshift-spectrum-role",
            "name_prefix": "",
            "path": "/",
            "permissions_boundary": "",
            "tags": {},
            "tags_all": {},
            "unique_id": "AROAVYYKAKCYZUD4FLEMS"
          },
          "sensitive_attributes": [],
          "identity_schema_version": 0,
          "identity": {
            "account_id": "396768596145",
            "name": "redshift-spectrum-role"
          },
          "private": "bnVsbA=="
        }
      ]
    },
    {
      "mode": "managed",
      "type": "aws_iam_role_policy",
      "name": "glue_catalog_lakeformation",
      "provider": "provider[\"registry.terraform.io/hashicorp/aws\"]",
      "instances": [
        {
          "schema_version": 0,
          "attributes": {
            "id": "glue-job-role:glue-catalog-lakeformation",
            "name": "glue-catalog-lakeformation",
            "name_prefix": "",
            "policy": "{\"Version\":\"2012-10-17\",\"Statement\":[{\"Action\":[\"glue:GetDatabase\",\"glue:GetDatabases\",\"glue:GetTable\",\"glue:GetTables\",\"glue:GetPartition\",\"glue:GetPartitions\",\"glue:CreateDatabase\",\"glue:CreateTable\",\"glue:UpdateTable\",\"glue:DeleteTable\",\"glue:BatchGetPartition\"],\"Effect\":\"Allow\",\"Resource\":\"*\",\"Sid\":\"GlueCatalogAccess\"},{\"Action\":[\"lakeformation:GetDataAccess\",\"lakeformation:GrantPermissions\",\"lakeformation:GetResourceLFTags\",\"lakeformation:ListLFTags\"],\"Effect\":\"Allow\",\"Resource\":\"*\",\"Sid\":\"LakeFormationDataAccess\"}]}",
            "role": "glue-job-role"
          },
          "sensitive_attributes": [],
          "identity_schema_version": 0,
          "identity": {
            "account_id": "396768596145",
            "name": "glue-catalog-lakeformation",
            "role": "glue-job-role"
          },
          "private": "bnVsbA==",
          "dependencies": [
            "aws_iam_role.glue_job_role"
          ]
        }
      ]
    },
    {
      "mode": "managed",
      "type": "aws_iam_role_policy_attachment",
      "name": "attach_policies1",
      "provider": "provider[\"registry.terraform.io/hashicorp/aws\"]",
      "instances": [
        {
          "schema_version": 0,
          "attributes": {
            "id": "redshift-spectrum-role/arn:aws:iam::396768596145:policy/redshift-spectrum-policy",
            "policy_arn": "arn:aws:iam::396768596145:policy/redshift-spectrum-policy",
            "role": "redshift-spectrum-role"
          },
          "sensitive_attributes": [],
          "identity_schema_version": 0,
          "identity": {
            "account_id": "396768596145",
            "policy_arn": "arn:aws:iam::396768596145:policy/redshift-spectrum-policy",
            "role": "redshift-spectrum-role"
          },
          "private": "bnVsbA==",
          "dependencies": [
            "aws_iam_policy.redshift_spectrum_policy",
            "aws_iam_role.redshift_spectrum_role"
          ]
        }
      ]
    },
    {
      "mode": "managed",
      "type": "aws_iam_role_policy_attachment",
      "name": "attach_policies2",
      "provider": "provider[\"registry.terraform.io/hashicorp/aws\"]",
      "instances": [
        {
          "schema_version": 0,
          "attributes": {
            "id": "redshift-spectrum-role/arn:aws:iam::aws:policy/AmazonRedshiftAllCommandsFullAccess",
            "policy_arn": "arn:aws:iam::aws:policy/AmazonRedshiftAllCommandsFullAccess",
            "role": "redshift-spectrum-role"
          },
          "sensitive_attributes": [],
          "identity_schema_version": 0,
          "identity": {
            "account_id": "396768596145",
            "policy_arn": "arn:aws:iam::aws:policy/AmazonRedshiftAllCommandsFullAccess",
            "role": "redshift-spectrum-role"
          },
          "private": "bnVsbA==",
          "dependencies": [
            "aws_iam_role.redshift_spectrum_role",
            "data.aws_iam_policy.redshift_full_access"
          ]
        }
      ]
    },
    {
      "mode": "managed",
      "type": "aws_iam_role_policy_attachment",
      "name": "attach_policies3",
      "provider": "provider[\"registry.terraform.io/hashicorp/aws\"]",
      "instances": [
        {
          "schema_version": 0,
          "attributes": {
            "id": "redshift-spectrum-role/arn:aws:iam::aws:policy/AmazonRedshiftFullAccess",
            "policy_arn": "arn:aws:iam::aws:policy/AmazonRedshiftFullAccess",
            "role": "redshift-spectrum-role"
          },
          "sensitive_attributes": [],
          "identity_schema_version": 0,
          "identity": {
            "account_id": "396768596145",
            "policy_arn": "arn:aws:iam::aws:policy/AmazonRedshiftFullAccess",
            "role": "redshift-spectrum-role"
          },
          "private": "bnVsbA==",
          "dependencies": [
            "aws_iam_role.redshift_spectrum_role",
            "data.aws_iam_policy.redshift_full_access_two"
          ]
        }
      ]
    },
    {
      "mode": "managed",
      "type": "aws_iam_role_policy_attachment",
      "name": "glue_rds",
      "provider": "provider[\"registry.terraform.io/hashicorp/aws\"]",
      "instances": [
        {
          "schema_version": 0,
          "attributes": {
            "id": "glue-job-role/arn:aws:iam::aws:policy/AmazonRDSFullAccess",
            "policy_arn": "arn:aws:iam::aws:policy/AmazonRDSFullAccess",
            "role": "glue-job-role"
          },
          "sensitive_attributes": [],
          "identity_schema_version": 0,
          "identity": {
            "account_id": "396768596145",
            "policy_arn": "arn:aws:iam::aws:policy/AmazonRDSFullAccess",
            "role": "glue-job-role"
          },
          "private": "bnVsbA==",
          "dependencies": [
            "aws_iam_role.glue_job_role"
          ]
        }
      ]
    },
    {
      "mode": "managed",
      "type": "aws_iam_role_policy_attachment",
      "name": "glue_s3",
      "provider": "provider[\"registry.terraform.io/hashicorp/aws\"]",
      "instances": [
        {
          "schema_version": 0,
          "attributes": {
            "id": "glue-job-role/arn:aws:iam::aws:policy/AmazonS3FullAccess",
            "policy_arn": "arn:aws:iam::aws:policy/AmazonS3FullAccess",
            "role": "glue-job-role"
          },
          "sensitive_attributes": [],
          "identity_schema_version": 0,
          "identity": {
            "account_id": "396768596145",
            "policy_arn": "arn:aws:iam::aws:policy/AmazonS3FullAccess",
            "role": "glue-job-role"
          },
          "private": "bnVsbA==",
          "dependencies": [
            "aws_iam_role.glue_job_role"
          ]
        }
      ]
    },
    {
      "mode": "managed",
      "type": "aws_iam_role_policy_attachment",
      "name": "glue_secrets",
      "provider": "provider[\"registry.terraform.io/hashicorp/aws\"]",
      "instances": [
        {
          "schema_version": 0,
          "attributes": {
            "id": "glue-job-role/arn:aws:iam::aws:policy/SecretsManagerReadWrite",
            "policy_arn": "arn:aws:iam::aws:policy/SecretsManagerReadWrite",
            "role": "glue-job-role"
          },
          "sensitive_attributes": [],
          "identity_schema_version": 0,
          "identity": {
            "account_id": "396768596145",
            "policy_arn": "arn:aws:iam::aws:policy/SecretsManagerReadWrite",
            "role": "glue-job-role"
          },
          "private": "bnVsbA==",
          "dependencies": [
            "aws_iam_role.glue_job_role"
          ]
        }
      ]
    },
    {
      "mode": "managed",
      "type": "aws_iam_role_policy_attachment",
      "name": "glue_service",
      "provider": "provider[\"registry.terraform.io/hashicorp/aws\"]",
      "instances": [
        {
          "schema_version": 0,
          "attributes": {
            "id": "glue-job-role/arn:aws:iam::aws:policy/service-role/AWSGlueServiceRole",
            "policy_arn": "arn:aws:iam::aws:policy/service-role/AWSGlueServiceRole",
            "role": "glue-job-role"
          },
          "sensitive_attributes": [],
          "identity_schema_version": 0,
          "identity": {
            "account_id": "396768596145",
            "policy_arn": "arn:aws:iam::aws:policy/service-role/AWSGlueServiceRole",
            "role": "glue-job-role"
          },
          "private": "bnVsbA==",
          "dependencies": [
            "aws_iam_role.glue_job_role"
          ]
        }
      ]
    },
    {
      "mode": "managed",
      "type": "aws_lakeformation_data_lake_settings",
      "name": "glue_admin",
      "provider": "provider[\"registry.terraform.io/hashicorp/aws\"]",
      "instances": [
        {
          "schema_version": 0,
          "attributes": {
            "admins": [
              "arn:aws:iam::396768596145:role/glue-job-role",
              "arn:aws:iam::396768596145:role/redshift-spectrum-role",
              "arn:aws:iam::396768596145:user/adm_user"
            ],
            "allow_external_data_filtering": false,
            "allow_full_table_external_data_access": true,
            "authorized_session_tag_value_list": [],
            "catalog_id": null,
            "create_database_default_permissions": [],
            "create_table_default_permissions": [],
            "external_data_filtering_allow_list": [],
            "id": "791573445",
            "parameters": {
              "CROSS_ACCOUNT_VERSION": "1",
              "SET_CONTEXT": "TRUE"
            },
            "read_only_admins": [],
            "region": "us-west-2",
            "trusted_resource_owners": []
          },
          "sensitive_attributes": [],
          "identity_schema_version": 0,
          "private": "bnVsbA==",
          "dependencies": [
            "aws_iam_role.glue_job_role",
            "aws_iam_role.redshift_spectrum_role"
          ]
        }
      ]
    },
    {
      "mode": "managed",
      "type": "aws_lakeformation_permissions",
      "name": "data_location_access",
      "provider": "provider[\"registry.terraform.io/hashicorp/aws\"]",
      "instances": [
        {
          "schema_version": 0,
          "attributes": {
            "catalog_id": null,
            "catalog_resource": false,
            "data_cells_filter": [],
            "data_location": [
              {
                "arn": "arn:aws:s3:::terraform-data-lake-bucket",
                "catalog_id": "396768596145"
              }
            ],
            "database": [],
            "id": "2413405557",
            "lf_tag": [],
            "lf_tag_policy": [],
            "permissions": [
              "DATA_LOCATION_ACCESS"
            ],
            "permissions_with_grant_option": [
              "DATA_LOCATION_ACCESS"
            ],
            "principal": "arn:aws:iam::396768596145:role/redshift-spectrum-role",
            "region": "us-west-2",
            "table": [],
            "table_with_columns": []
          },
          "sensitive_attributes": [],
          "identity_schema_version": 0,
          "private": "bnVsbA==",
          "dependencies": [
            "aws_iam_role.glue_job_role",
            "aws_iam_role.redshift_spectrum_role",
            "aws_lakeformation_data_lake_settings.glue_admin",
            "module.s3_bucket.aws_s3_bucket.this"
          ]
        }
      ]
    },
    {
      "mode": "managed",
      "type": "aws_lakeformation_permissions",
      "name": "glue_dvdrentals_db",
      "provider": "provider[\"registry.terraform.io/hashicorp/aws\"]",
      "instances": [
        {
          "schema_version": 0,
          "attributes": {
            "catalog_id": null,
            "catalog_resource": false,
            "data_cells_filter": [],
            "data_location": [],
            "database": [
              {
                "catalog_id": "396768596145",
                "name": "dvdrentals"
              }
            ],
            "id": "153841712",
            "lf_tag": [],
            "lf_tag_policy": [],
            "permissions": [
              "ALL"
            ],
            "permissions_with_grant_option": [
              "ALL",
              "ALTER",
              "CREATE_TABLE",
              "DESCRIBE",
              "DROP"
            ],
            "principal": "arn:aws:iam::396768596145:role/glue-job-role",
            "region": "us-west-2",
            "table": [],
            "table_with_columns": []
          },
          "sensitive_attributes": [],
          "identity_schema_version": 0,
          "private": "bnVsbA==",
          "dependencies": [
            "aws_iam_role.glue_job_role",
            "aws_iam_role.redshift_spectrum_role",
            "aws_lakeformation_data_lake_settings.glue_admin"
          ]
        }
      ]
    },
    {
      "mode": "managed",
      "type": "aws_lakeformation_permissions",
      "name": "redshift_dvdrentals_db",
      "provider": "provider[\"registry.terraform.io/hashicorp/aws\"]",
      "instances": [
        {
          "schema_version": 0,
          "attributes": {
            "catalog_id": null,
            "catalog_resource": false,
            "data_cells_filter": [],
            "data_location": [],
            "database": [
              {
                "catalog_id": "396768596145",
                "name": "dvdrentals"
              }
            ],
            "id": "3971124",
            "lf_tag": [],
            "lf_tag_policy": [],
            "permissions": [
              "ALL"
            ],
            "permissions_with_grant_option": [
              "ALL",
              "ALTER",
              "CREATE_TABLE",
              "DESCRIBE",
              "DROP"
            ],
            "principal": "arn:aws:iam::396768596145:role/redshift-spectrum-role",
            "region": "us-west-2",
            "table": [],
            "table_with_columns": []
          },
          "sensitive_attributes": [],
          "identity_schema_version": 0,
          "private": "bnVsbA==",
          "dependencies": [
            "aws_iam_role.glue_job_role",
            "aws_iam_role.redshift_spectrum_role",
            "aws_lakeformation_data_lake_settings.glue_admin"
          ]
        }
      ]
    },
    {
      "mode": "managed",
      "type": "aws_redshiftserverless_namespace",
      "name": "my_redshift_namespace",
      "provider": "provider[\"registry.terraform.io/hashicorp/aws\"]",
      "instances": [
        {
          "schema_version": 0,
          "attributes": {
            "admin_password_secret_arn": "",
            "admin_password_secret_kms_key_id": "",
            "admin_user_password": null,
            "admin_user_password_wo": null,
            "admin_user_password_wo_version": null,
            "admin_username": "admin",
            "arn": "arn:aws:redshift-serverless:us-west-2:396768596145:namespace/28866508-d88b-49d3-a34b-9d61fa3bcf83",
            "db_name": "dev",
            "default_iam_role_arn": "arn:aws:iam::396768596145:role/redshift-spectrum-role",
            "iam_roles": [
              "arn:aws:iam::396768596145:role/redshift-spectrum-role"
            ],
            "id": "redshift-serverless-namespace",
            "kms_key_id": "AWS_OWNED_KMS_KEY",
            "log_exports": [],
            "manage_admin_password": null,
            "namespace_id": "28866508-d88b-49d3-a34b-9d61fa3bcf83",
            "namespace_name": "redshift-serverless-namespace",
            "region": "us-west-2",
            "tags": {},
            "tags_all": {}
          },
          "sensitive_attributes": [
            [
              {
                "type": "get_attr",
                "value": "admin_user_password"
              }
            ],
            [
              {
                "type": "get_attr",
                "value": "admin_username"
              }
            ]
          ],
          "identity_schema_version": 0,
          "private": "bnVsbA==",
          "dependencies": [
            "aws_iam_role.redshift_spectrum_role"
          ]
        }
      ]
    },
    {
      "mode": "managed",
      "type": "aws_redshiftserverless_workgroup",
      "name": "redshift",
      "provider": "provider[\"registry.terraform.io/hashicorp/aws\"]",
      "instances": [
        {
          "schema_version": 0,
          "attributes": {
            "arn": "arn:aws:redshift-serverless:us-west-2:396768596145:workgroup/e567a9b6-fd30-40b1-bad7-df08d1ef9ffe",
            "base_capacity": 128,
            "config_parameter": [
              {
                "parameter_key": "auto_mv",
                "parameter_value": "true"
              },
              {
                "parameter_key": "datestyle",
                "parameter_value": "ISO, MDY"
              },
              {
                "parameter_key": "enable_case_sensitive_identifier",
                "parameter_value": "false"
              },
              {
                "parameter_key": "enable_user_activity_logging",
                "parameter_value": "true"
              },
              {
                "parameter_key": "max_query_execution_time",
                "parameter_value": "14400"
              },
              {
                "parameter_key": "query_group",
                "parameter_value": "default"
              },
              {
                "parameter_key": "require_ssl",
                "parameter_value": "true"
              },
              {
                "parameter_key": "search_path",
                "parameter_value": "$user, public"
              },
              {
                "parameter_key": "use_fips_ssl",
                "parameter_value": "false"
              }
            ],
            "endpoint": [
              {
                "address": "redshift-serverless-workgroup.396768596145.us-west-2.redshift-serverless.amazonaws.com",
                "port": 5439,
                "vpc_endpoint": [
                  {
                    "network_interface": [
                      {
                        "availability_zone": "us-west-2a",
                        "network_interface_id": "eni-06791b4265a9ce899",
                        "private_ip_address": "10.0.101.239",
                        "subnet_id": "subnet-05a828432d169382e"
                      },
                      {
                        "availability_zone": "us-west-2c",
                        "network_interface_id": "eni-06cb045fd7d305f1a",
                        "private_ip_address": "10.0.103.120",
                        "subnet_id": "subnet-0d7ab0cb58bcf99f1"
                      },
                      {
                        "availability_zone": "us-west-2b",
                        "network_interface_id": "eni-0b15271efeb6f1bac",
                        "private_ip_address": "10.0.102.140",
                        "subnet_id": "subnet-0aaf943f8c06b12c9"
                      }
                    ],
                    "vpc_endpoint_id": "vpce-0c7e18c5f38fdb65d",
                    "vpc_id": "vpc-08b21fcb6adabb92c"
                  }
                ]
              }
            ],
            "enhanced_vpc_routing": false,
            "id": "redshift-serverless-workgroup",
            "max_capacity": 0,
            "namespace_name": "redshift-serverless-namespace",
            "port": 5439,
            "price_performance_target": [
              {
                "enabled": false,
                "level": 0
              }
            ],
            "publicly_accessible": true,
            "region": "us-west-2",
            "security_group_ids": [
              "sg-0f33b895832603a9d"
            ],
            "subnet_ids": [
              "subnet-05a828432d169382e",
              "subnet-0aaf943f8c06b12c9",
              "subnet-0d7ab0cb58bcf99f1"
            ],
            "tags": {},
            "tags_all": {},
            "timeouts": null,
            "track_name": "current",
            "workgroup_id": "e567a9b6-fd30-40b1-bad7-df08d1ef9ffe",
            "workgroup_name": "redshift-serverless-workgroup"
          },
          "sensitive_attributes": [],
          "identity_schema_version": 0,
          "private": "eyJlMmJmYjczMC1lY2FhLTExZTYtOGY4OC0zNDM2M2JjN2M0YzAiOnsiY3JlYXRlIjoxMjAwMDAwMDAwMDAwLCJkZWxldGUiOjEyMDAwMDAwMDAwMDAsInVwZGF0ZSI6MTIwMDAwMDAwMDAwMH19",
          "dependencies": [
            "aws_iam_role.redshift_spectrum_role",
            "aws_redshiftserverless_namespace.my_redshift_namespace",
            "aws_security_group.main",
            "module.vpc.aws_subnet.public",
            "module.vpc.aws_vpc.this",
            "module.vpc.aws_vpc_ipv4_cidr_block_association.this"
          ]
        }
      ]
    },
    {
      "mode": "managed",
      "type": "aws_s3_object",
      "name": "glue_etl_script",
      "provider": "provider[\"registry.terraform.io/hashicorp/aws\"]",
      "instances": [
        {
          "schema_version": 0,
          "attributes": {
            "acl": null,
            "arn": "arn:aws:s3:::terraform-glue-scripts-bucket/jobs/etl_job.py",
            "bucket": "terraform-glue-scripts-bucket",
            "bucket_key_enabled": false,
            "cache_control": "",
            "checksum_algorithm": null,
            "checksum_crc32": "",
            "checksum_crc32c": "",
            "checksum_crc64nvme": "",
            "checksum_sha1": "",
            "checksum_sha256": "",
            "content": null,
            "content_base64": null,
            "content_disposition": "",
            "content_encoding": "",
            "content_language": "",
            "content_type": "application/octet-stream",
            "etag": "edb52c5b584d6ce3900e3e9685d1db45",
            "force_destroy": false,
            "id": "terraform-glue-scripts-bucket/jobs/etl_job.py",
            "key": "jobs/etl_job.py",
            "kms_key_id": null,
            "metadata": {},
            "object_lock_legal_hold_status": "",
            "object_lock_mode": "",
            "object_lock_retain_until_date": "",
            "override_provider": [],
            "region": "us-west-2",
            "server_side_encryption": "AES256",
            "source": "jobs/etl_job.py",
            "source_hash": null,
            "storage_class": "STANDARD",
            "tags": {},
            "tags_all": {},
            "version_id": "",
            "website_redirect": ""
          },
          "sensitive_attributes": [],
          "identity_schema_version": 0,
          "identity": {
            "account_id": "396768596145",
            "bucket": "terraform-glue-scripts-bucket",
            "key": "jobs/etl_job.py",
            "region": "us-west-2"
          },
          "private": "bnVsbA==",
          "dependencies": [
            "module.s3_bucket_glue_scripts.aws_s3_bucket.this",
            "module.s3_bucket_glue_scripts.aws_s3_bucket_policy.this",
            "module.s3_bucket_glue_scripts.data.aws_elb_service_account.this",
            "module.s3_bucket_glue_scripts.data.aws_iam_policy_document.combined",
            "module.s3_bucket_glue_scripts.data.aws_iam_policy_document.deny_insecure_transport",
            "module.s3_bucket_glue_scripts.data.aws_iam_policy_document.elb_log_delivery",
            "module.s3_bucket_glue_scripts.data.aws_iam_policy_document.lb_log_delivery",
            "module.s3_bucket_glue_scripts.data.aws_iam_policy_document.require_latest_tls"
          ]
        }
      ]
    },
    {
      "mode": "managed",
      "type": "aws_s3_object",
      "name": "landing_layer",
      "provider": "provider[\"registry.terraform.io/hashicorp/aws\"]",
      "instances": [
        {
          "schema_version": 0,
          "attributes": {
            "acl": null,
            "arn": "arn:aws:s3:::terraform-data-lake-bucket/landing-layer/",
            "bucket": "terraform-data-lake-bucket",
            "bucket_key_enabled": false,
            "cache_control": "",
            "checksum_algorithm": null,
            "checksum_crc32": "",
            "checksum_crc32c": "",
            "checksum_crc64nvme": "",
            "checksum_sha1": "",
            "checksum_sha256": "",
            "content": "",
            "content_base64": null,
            "content_disposition": "",
            "content_encoding": "",
            "content_language": "",
            "content_type": "application/octet-stream",
            "etag": "d41d8cd98f00b204e9800998ecf8427e",
            "force_destroy": false,
            "id": "terraform-data-lake-bucket/landing-layer/",
            "key": "landing-layer/",
            "kms_key_id": null,
            "metadata": {},
            "object_lock_legal_hold_status": "",
            "object_lock_mode": "",
            "object_lock_retain_until_date": "",
            "override_provider": [],
            "region": "us-west-2",
            "server_side_encryption": "AES256",
            "source": null,
            "source_hash": null,
            "storage_class": "STANDARD",
            "tags": {},
            "tags_all": {},
            "version_id": "",
            "website_redirect": ""
          },
          "sensitive_attributes": [],
          "identity_schema_version": 0,
          "identity": {
            "account_id": "396768596145",
            "bucket": "terraform-data-lake-bucket",
            "key": "landing-layer/",
            "region": "us-west-2"
          },
          "private": "bnVsbA==",
          "dependencies": [
            "module.s3_bucket.aws_s3_bucket.this",
            "module.s3_bucket.aws_s3_bucket_policy.this",
            "module.s3_bucket.data.aws_elb_service_account.this",
            "module.s3_bucket.data.aws_iam_policy_document.combined",
            "module.s3_bucket.data.aws_iam_policy_document.deny_insecure_transport",
            "module.s3_bucket.data.aws_iam_policy_document.elb_log_delivery",
            "module.s3_bucket.data.aws_iam_policy_document.lb_log_delivery",
            "module.s3_bucket.data.aws_iam_policy_document.require_latest_tls"
          ]
        }
      ]
    },
    {
      "mode": "managed",
      "type": "aws_s3_object",
      "name": "rds_database_backups",
      "provider": "provider[\"registry.terraform.io/hashicorp/aws\"]",
      "instances": [
        {
          "schema_version": 0,
          "attributes": {
            "acl": null,
            "arn": "arn:aws:s3:::terraform-data-lake-bucket/rds-database-backups/dvdrental.zip",
            "bucket": "terraform-data-lake-bucket",
            "bucket_key_enabled": false,
            "cache_control": "",
            "checksum_algorithm": null,
            "checksum_crc32": "",
            "checksum_crc32c": "",
            "checksum_crc64nvme": "",
            "checksum_sha1": "",
            "checksum_sha256": "",
            "content": "",
            "content_base64": null,
            "content_disposition": "",
            "content_encoding": "",
            "content_language": "",
            "content_type": "application/octet-stream",
            "etag": "bc8009d10d037638b30e9a5968c117a0",
            "force_destroy": false,
            "id": "terraform-data-lake-bucket/rds-database-backups/dvdrental.zip",
            "key": "rds-database-backups/dvdrental.zip",
            "kms_key_id": null,
            "metadata": {},
            "object_lock_legal_hold_status": "",
            "object_lock_mode": "",
            "object_lock_retain_until_date": "",
            "override_provider": [],
            "region": "us-west-2",
            "server_side_encryption": "AES256",
            "source": "./data/dvdrental.zip",
            "source_hash": null,
            "storage_class": "STANDARD",
            "tags": {},
            "tags_all": {},
            "version_id": "",
            "website_redirect": ""
          },
          "sensitive_attributes": [],
          "identity_schema_version": 0,
          "identity": {
            "account_id": "396768596145",
            "bucket": "terraform-data-lake-bucket",
            "key": "rds-database-backups/dvdrental.zip",
            "region": "us-west-2"
          },
          "private": "bnVsbA==",
          "dependencies": [
            "module.s3_bucket.aws_s3_bucket.this",
            "module.s3_bucket.aws_s3_bucket_policy.this",
            "module.s3_bucket.data.aws_elb_service_account.this",
            "module.s3_bucket.data.aws_iam_policy_document.combined",
            "module.s3_bucket.data.aws_iam_policy_document.deny_insecure_transport",
            "module.s3_bucket.data.aws_iam_policy_document.elb_log_delivery",
            "module.s3_bucket.data.aws_iam_policy_document.lb_log_delivery",
            "module.s3_bucket.data.aws_iam_policy_document.require_latest_tls"
          ]
        }
      ]
    },
    {
      "mode": "managed",
      "type": "aws_s3_object",
      "name": "serving_layer",
      "provider": "provider[\"registry.terraform.io/hashicorp/aws\"]",
      "instances": [
        {
          "schema_version": 0,
          "attributes": {
            "acl": null,
            "arn": "arn:aws:s3:::terraform-data-lake-bucket/serving-layer/",
            "bucket": "terraform-data-lake-bucket",
            "bucket_key_enabled": false,
            "cache_control": "",
            "checksum_algorithm": null,
            "checksum_crc32": "",
            "checksum_crc32c": "",
            "checksum_crc64nvme": "",
            "checksum_sha1": "",
            "checksum_sha256": "",
            "content": "",
            "content_base64": null,
            "content_disposition": "",
            "content_encoding": "",
            "content_language": "",
            "content_type": "application/octet-stream",
            "etag": "d41d8cd98f00b204e9800998ecf8427e",
            "force_destroy": false,
            "id": "terraform-data-lake-bucket/serving-layer/",
            "key": "serving-layer/",
            "kms_key_id": null,
            "metadata": {},
            "object_lock_legal_hold_status": "",
            "object_lock_mode": "",
            "object_lock_retain_until_date": "",
            "override_provider": [],
            "region": "us-west-2",
            "server_side_encryption": "AES256",
            "source": null,
            "source_hash": null,
            "storage_class": "STANDARD",
            "tags": {},
            "tags_all": {},
            "version_id": "",
            "website_redirect": ""
          },
          "sensitive_attributes": [],
          "identity_schema_version": 0,
          "identity": {
            "account_id": "396768596145",
            "bucket": "terraform-data-lake-bucket",
            "key": "serving-layer/",
            "region": "us-west-2"
          },
          "private": "bnVsbA==",
          "dependencies": [
            "module.s3_bucket.aws_s3_bucket.this",
            "module.s3_bucket.aws_s3_bucket_policy.this",
            "module.s3_bucket.data.aws_elb_service_account.this",
            "module.s3_bucket.data.aws_iam_policy_document.combined",
            "module.s3_bucket.data.aws_iam_policy_document.deny_insecure_transport",
            "module.s3_bucket.data.aws_iam_policy_document.elb_log_delivery",
            "module.s3_bucket.data.aws_iam_policy_document.lb_log_delivery",
            "module.s3_bucket.data.aws_iam_policy_document.require_latest_tls"
          ]
        }
      ]
    },
    {
      "mode": "managed",
      "type": "aws_s3_object",
      "name": "transformation_layer",
      "provider": "provider[\"registry.terraform.io/hashicorp/aws\"]",
      "instances": [
        {
          "schema_version": 0,
          "attributes": {
            "acl": null,
            "arn": "arn:aws:s3:::terraform-data-lake-bucket/transformation-layer/",
            "bucket": "terraform-data-lake-bucket",
            "bucket_key_enabled": false,
            "cache_control": "",
            "checksum_algorithm": null,
            "checksum_crc32": "",
            "checksum_crc32c": "",
            "checksum_crc64nvme": "",
            "checksum_sha1": "",
            "checksum_sha256": "",
            "content": "",
            "content_base64": null,
            "content_disposition": "",
            "content_encoding": "",
            "content_language": "",
            "content_type": "application/octet-stream",
            "etag": "d41d8cd98f00b204e9800998ecf8427e",
            "force_destroy": false,
            "id": "terraform-data-lake-bucket/transformation-layer/",
            "key": "transformation-layer/",
            "kms_key_id": null,
            "metadata": {},
            "object_lock_legal_hold_status": "",
            "object_lock_mode": "",
            "object_lock_retain_until_date": "",
            "override_provider": [],
            "region": "us-west-2",
            "server_side_encryption": "AES256",
            "source": null,
            "source_hash": null,
            "storage_class": "STANDARD",
            "tags": {},
            "tags_all": {},
            "version_id": "",
            "website_redirect": ""
          },
          "sensitive_attributes": [],
          "identity_schema_version": 0,
          "identity": {
            "account_id": "396768596145",
            "bucket": "terraform-data-lake-bucket",
            "key": "transformation-layer/",
            "region": "us-west-2"
          },
          "private": "bnVsbA==",
          "dependencies": [
            "module.s3_bucket.aws_s3_bucket.this",
            "module.s3_bucket.aws_s3_bucket_policy.this",
            "module.s3_bucket.data.aws_elb_service_account.this",
            "module.s3_bucket.data.aws_iam_policy_document.combined",
            "module.s3_bucket.data.aws_iam_policy_document.deny_insecure_transport",
            "module.s3_bucket.data.aws_iam_policy_document.elb_log_delivery",
            "module.s3_bucket.data.aws_iam_policy_document.lb_log_delivery",
            "module.s3_bucket.data.aws_iam_policy_document.require_latest_tls"
          ]
        }
      ]
    },
    {
      "mode": "managed",
      "type": "aws_security_group",
      "name": "main",
      "provider": "provider[\"registry.terraform.io/hashicorp/aws\"]",
      "instances": [
        {
          "schema_version": 1,
          "attributes": {
            "arn": "arn:aws:ec2:us-west-2:396768596145:security-group/sg-0f33b895832603a9d",
            "description": "Security Group for RDS, Glue and Redshift",
            "egress": [
              {
                "cidr_blocks": [
                  "0.0.0.0/0"
                ],
                "description": "",
                "from_port": 0,
                "ipv6_cidr_blocks": [],
                "prefix_list_ids": [],
                "protocol": "-1",
                "security_groups": [],
                "self": false,
                "to_port": 0
              }
            ],
            "id": "sg-0f33b895832603a9d",
            "ingress": [
              {
                "cidr_blocks": [
                  "0.0.0.0/0"
                ],
                "description": "Redshift - authorized IPs only",
                "from_port": 5439,
                "ipv6_cidr_blocks": [],
                "prefix_list_ids": [],
                "protocol": "tcp",
                "security_groups": [],
                "self": false,
                "to_port": 5439
              },
              {
                "cidr_blocks": [],
                "description": "Glue self-referencing - all ports",
                "from_port": 0,
                "ipv6_cidr_blocks": [],
                "prefix_list_ids": [],
                "protocol": "tcp",
                "security_groups": [],
                "self": true,
                "to_port": 65535
              },
              {
                "cidr_blocks": [],
                "description": "Postgres - Glue only",
                "from_port": 5432,
                "ipv6_cidr_blocks": [],
                "prefix_list_ids": [],
                "protocol": "tcp",
                "security_groups": [],
                "self": true,
                "to_port": 5432
              }
            ],
            "name": "dvdrentals-sg",
            "name_prefix": "",
            "owner_id": "396768596145",
            "region": "us-west-2",
            "revoke_rules_on_delete": false,
            "tags": {
              "Name": "dvdrentals-sg"
            },
            "tags_all": {
              "Name": "dvdrentals-sg"
            },
            "timeouts": null,
            "vpc_id": "vpc-08b21fcb6adabb92c"
          },
          "sensitive_attributes": [],
          "identity_schema_version": 0,
          "identity": {
            "account_id": "396768596145",
            "id": "sg-0f33b895832603a9d",
            "region": "us-west-2"
          },
          "private": "eyJlMmJmYjczMC1lY2FhLTExZTYtOGY4OC0zNDM2M2JjN2M0YzAiOnsiY3JlYXRlIjo2MDAwMDAwMDAwMDAsImRlbGV0ZSI6OTAwMDAwMDAwMDAwfSwic2NoZW1hX3ZlcnNpb24iOiIxIn0=",
          "dependencies": [
            "module.vpc.aws_vpc.this"
          ]
        }
      ]
    },
    {
      "mode": "managed",
      "type": "aws_vpc_endpoint",
      "name": "s3",
      "provider": "provider[\"registry.terraform.io/hashicorp/aws\"]",
      "instances": [
        {
          "schema_version": 0,
          "attributes": {
            "arn": "arn:aws:ec2:us-west-2:396768596145:vpc-endpoint/vpce-0309f33c895789a72",
            "auto_accept": null,
            "cidr_blocks": [
              "3.5.76.0/22",
              "16.12.96.0/20",
              "16.12.112.0/21",
              "3.5.80.0/21",
              "16.15.32.0/20",
              "18.34.48.0/20",
              "18.34.244.0/22",
              "16.12.88.0/21",
              "52.92.128.0/17",
              "52.218.128.0/17"
            ],
            "dns_entry": [],
            "dns_options": [
              {
                "dns_record_ip_type": "service-defined",
                "private_dns_only_for_inbound_resolver_endpoint": false,
                "private_dns_preference": "",
                "private_dns_specified_domains": []
              }
            ],
            "id": "vpce-0309f33c895789a72",
            "ip_address_type": "ipv4",
            "network_interface_ids": [],
            "owner_id": "396768596145",
            "policy": "{\"Statement\":[{\"Action\":\"*\",\"Effect\":\"Allow\",\"Principal\":\"*\",\"Resource\":\"*\"}],\"Version\":\"2008-10-17\"}",
            "prefix_list_id": "pl-68a54001",
            "private_dns_enabled": false,
            "region": "us-west-2",
            "requester_managed": false,
            "resource_configuration_arn": "",
            "route_table_ids": [
              "rtb-06fa84bc33bb47e90"
            ],
            "security_group_ids": [],
            "service_name": "com.amazonaws.us-west-2.s3",
            "service_network_arn": "",
            "service_region": "us-west-2",
            "state": "available",
            "subnet_configuration": [],
            "subnet_ids": [],
            "tags": {},
            "tags_all": {},
            "timeouts": null,
            "vpc_endpoint_type": "Gateway",
            "vpc_id": "vpc-08b21fcb6adabb92c"
          },
          "sensitive_attributes": [],
          "identity_schema_version": 0,
          "identity": {
            "account_id": "396768596145",
            "id": "vpce-0309f33c895789a72",
            "region": "us-west-2"
          },
          "private": "eyJlMmJmYjczMC1lY2FhLTExZTYtOGY4OC0zNDM2M2JjN2M0YzAiOnsiY3JlYXRlIjo2MDAwMDAwMDAwMDAsImRlbGV0ZSI6NjAwMDAwMDAwMDAwLCJ1cGRhdGUiOjYwMDAwMDAwMDAwMH19",
          "dependencies": [
            "module.vpc.aws_route_table.private",
            "module.vpc.aws_vpc.this",
            "module.vpc.aws_vpc_ipv4_cidr_block_association.this"
          ]
        }
      ]
    },
    {
      "module": "module.db.module.db_instance",
      "mode": "data",
      "type": "aws_iam_policy_document",
      "name": "enhanced_monitoring",
      "provider": "provider[\"registry.terraform.io/hashicorp/aws\"]",
      "instances": [
        {
          "schema_version": 0,
          "attributes": {
            "id": "76086537",
            "json": "{\n  \"Version\": \"2012-10-17\",\n  \"Statement\": [\n    {\n      \"Effect\": \"Allow\",\n      \"Action\": \"sts:AssumeRole\",\n      \"Principal\": {\n        \"Service\": \"monitoring.rds.amazonaws.com\"\n      }\n    }\n  ]\n}",
            "minified_json": "{\"Version\":\"2012-10-17\",\"Statement\":[{\"Effect\":\"Allow\",\"Action\":\"sts:AssumeRole\",\"Principal\":{\"Service\":\"monitoring.rds.amazonaws.com\"}}]}",
            "override_json": null,
            "override_policy_documents": null,
            "policy_id": null,
            "source_json": null,
            "source_policy_documents": null,
            "statement": [
              {
                "actions": [
                  "sts:AssumeRole"
                ],
                "condition": [],
                "effect": "Allow",
                "not_actions": [],
                "not_principals": [],
                "not_resources": [],
                "principals": [
                  {
                    "identifiers": [
                      "monitoring.rds.amazonaws.com"
                    ],
                    "type": "Service"
                  }
                ],
                "resources": [],
                "sid": ""
              }
            ],
            "version": "2012-10-17"
          },
          "sensitive_attributes": [],
          "identity_schema_version": 0
        }
      ]
    },
    {
      "module": "module.db.module.db_instance",
      "mode": "data",
      "type": "aws_partition",
      "name": "current",
      "provider": "provider[\"registry.terraform.io/hashicorp/aws\"]",
      "instances": [
        {
          "schema_version": 0,
          "attributes": {
            "dns_suffix": "amazonaws.com",
            "id": "aws",
            "partition": "aws",
            "reverse_dns_prefix": "com.amazonaws"
          },
          "sensitive_attributes": [],
          "identity_schema_version": 0
        }
      ]
    },
    {
      "module": "module.db.module.db_instance",
      "mode": "managed",
      "type": "aws_db_instance",
      "name": "this",
      "provider": "provider[\"registry.terraform.io/hashicorp/aws\"]",
      "instances": [
        {
          "index_key": 0,
          "schema_version": 2,
          "attributes": {
            "address": "dvdrentals-database.cbia4semc2rv.us-west-2.rds.amazonaws.com",
            "allocated_storage": 20,
            "allow_major_version_upgrade": false,
            "apply_immediately": false,
            "arn": "arn:aws:rds:us-west-2:396768596145:db:dvdrentals-database",
            "auto_minor_version_upgrade": true,
            "availability_zone": "us-west-2c",
            "backup_retention_period": 0,
            "backup_target": "region",
            "backup_window": "03:00-06:00",
            "blue_green_update": [],
            "ca_cert_identifier": "rds-ca-rsa2048-g1",
            "character_set_name": "",
            "copy_tags_to_snapshot": true,
            "custom_iam_instance_profile": "",
            "customer_owned_ip_enabled": false,
            "database_insights_mode": "standard",
            "db_name": "dvdrentals",
            "db_subnet_group_name": "dvdrentals-database-20260402140708589100000006",
            "dedicated_log_volume": false,
            "delete_automated_backups": true,
            "deletion_protection": false,
            "domain": "",
            "domain_auth_secret_arn": "",
            "domain_dns_ips": [],
            "domain_fqdn": "",
            "domain_iam_role_name": "",
            "domain_ou": "",
            "enabled_cloudwatch_logs_exports": [],
            "endpoint": "dvdrentals-database.cbia4semc2rv.us-west-2.rds.amazonaws.com:5432",
            "engine": "postgres",
            "engine_lifecycle_support": "open-source-rds-extended-support",
            "engine_version": "17.6",
            "engine_version_actual": "17.6",
            "final_snapshot_identifier": null,
            "hosted_zone_id": "Z1PVIF0B656C1W",
            "iam_database_authentication_enabled": true,
            "id": "db-6PATUBL6BOKIQJI72YN2YOGBTM",
            "identifier": "dvdrentals-database",
            "identifier_prefix": "",
            "instance_class": "db.t4g.micro",
            "iops": 0,
            "kms_key_id": "",
            "latest_restorable_time": "",
            "license_model": "postgresql-license",
            "listener_endpoint": [],
            "maintenance_window": "mon:00:00-mon:03:00",
            "manage_master_user_password": true,
            "master_user_secret": [
              {
                "kms_key_id": "arn:aws:kms:us-west-2:396768596145:key/7f5e2488-15a6-4659-9f4b-365d7c4dd58c",
                "secret_arn": "arn:aws:secretsmanager:us-west-2:396768596145:secret:rds!db-fa3268a1-cf45-45ae-95c4-a52c92a411fc-Kd6NLp",
                "secret_status": "active"
              }
            ],
            "master_user_secret_kms_key_id": null,
            "max_allocated_storage": 0,
            "monitoring_interval": 30,
            "monitoring_role_arn": "arn:aws:iam::396768596145:role/MyRDSMonitoringRole",
            "multi_az": false,
            "nchar_character_set_name": "",
            "network_type": "IPV4",
            "option_group_name": "default:postgres-17",
            "parameter_group_name": "dvdrentals-database-20260402140658563800000001",
            "password": null,
            "password_wo": null,
            "password_wo_version": null,
            "performance_insights_enabled": false,
            "performance_insights_kms_key_id": "",
            "performance_insights_retention_period": 0,
            "port": 5432,
            "publicly_accessible": false,
            "region": "us-west-2",
            "replica_mode": "",
            "replicas": [],
            "replicate_source_db": "",
            "resource_id": "db-6PATUBL6BOKIQJI72YN2YOGBTM",
            "restore_to_point_in_time": [],
            "s3_import": [],
            "skip_final_snapshot": true,
            "snapshot_identifier": null,
            "status": "available",
            "storage_encrypted": false,
            "storage_throughput": 0,
            "storage_type": "gp2",
            "tags": {
              "Environment": "dev",
              "Owner": "user"
            },
            "tags_all": {
              "Environment": "dev",
              "Owner": "user"
            },
            "timeouts": null,
            "timezone": "",
            "upgrade_rollout_order": "second",
            "upgrade_storage_config": null,
            "username": "postgres_master_user",
            "vpc_security_group_ids": [
              "sg-0f33b895832603a9d"
            ]
          },
          "sensitive_attributes": [
            [
              {
                "type": "get_attr",
                "value": "password"
              }
            ],
            [
              {
                "type": "get_attr",
                "value": "password_wo"
              }
            ]
          ],
          "identity_schema_version": 0,
          "private": "eyJlMmJmYjczMC1lY2FhLTExZTYtOGY4OC0zNDM2M2JjN2M0YzAiOnsiY3JlYXRlIjozMDAwMDAwMDAwMDAwLCJkZWxldGUiOjM2MDAwMDAwMDAwMDAsInVwZGF0ZSI6NDgwMDAwMDAwMDAwMH0sInNjaGVtYV92ZXJzaW9uIjoiMiJ9",
          "dependencies": [
            "aws_security_group.main",
            "module.db.module.db_instance.aws_cloudwatch_log_group.this",
            "module.db.module.db_instance.aws_iam_role.enhanced_monitoring",
            "module.db.module.db_instance.data.aws_iam_policy_document.enhanced_monitoring",
            "module.db.module.db_instance.random_id.snapshot_identifier",
            "module.db.module.db_option_group.aws_db_option_group.this",
            "module.db.module.db_parameter_group.aws_db_parameter_group.this",
            "module.db.module.db_subnet_group.aws_db_subnet_group.this",
            "module.vpc.aws_subnet.private",
            "module.vpc.aws_vpc.this",
            "module.vpc.aws_vpc_ipv4_cidr_block_association.this"
          ]
        }
      ]
    },
    {
      "module": "module.db.module.db_instance",
      "mode": "managed",
      "type": "aws_iam_role",
      "name": "enhanced_monitoring",
      "provider": "provider[\"registry.terraform.io/hashicorp/aws\"]",
      "instances": [
        {
          "index_key": 0,
          "schema_version": 0,
          "attributes": {
            "arn": "arn:aws:iam::396768596145:role/MyRDSMonitoringRole",
            "assume_role_policy": "{\"Statement\":[{\"Action\":\"sts:AssumeRole\",\"Effect\":\"Allow\",\"Principal\":{\"Service\":\"monitoring.rds.amazonaws.com\"}}],\"Version\":\"2012-10-17\"}",
            "create_date": "2026-04-02T14:06:29Z",
            "description": "",
            "force_detach_policies": false,
            "id": "MyRDSMonitoringRole",
            "inline_policy": [],
            "managed_policy_arns": [
              "arn:aws:iam::aws:policy/service-role/AmazonRDSEnhancedMonitoringRole"
            ],
            "max_session_duration": 3600,
            "name": "MyRDSMonitoringRole",
            "name_prefix": "",
            "path": "/",
            "permissions_boundary": "",
            "tags": {
              "Environment": "dev",
              "Name": "MyRDSMonitoringRole",
              "Owner": "user"
            },
            "tags_all": {
              "Environment": "dev",
              "Name": "MyRDSMonitoringRole",
              "Owner": "user"
            },
            "unique_id": "AROAVYYKAKCYZOU3UWNFY"
          },
          "sensitive_attributes": [],
          "identity_schema_version": 0,
          "identity": {
            "account_id": "396768596145",
            "name": "MyRDSMonitoringRole"
          },
          "private": "bnVsbA==",
          "dependencies": [
            "module.db.module.db_instance.data.aws_iam_policy_document.enhanced_monitoring"
          ]
        }
      ]
    },
    {
      "module": "module.db.module.db_instance",
      "mode": "managed",
      "type": "aws_iam_role_policy_attachment",
      "name": "enhanced_monitoring",
      "provider": "provider[\"registry.terraform.io/hashicorp/aws\"]",
      "instances": [
        {
          "index_key": 0,
          "schema_version": 0,
          "attributes": {
            "id": "MyRDSMonitoringRole/arn:aws:iam::aws:policy/service-role/AmazonRDSEnhancedMonitoringRole",
            "policy_arn": "arn:aws:iam::aws:policy/service-role/AmazonRDSEnhancedMonitoringRole",
            "role": "MyRDSMonitoringRole"
          },
          "sensitive_attributes": [],
          "identity_schema_version": 0,
          "identity": {
            "account_id": "396768596145",
            "policy_arn": "arn:aws:iam::aws:policy/service-role/AmazonRDSEnhancedMonitoringRole",
            "role": "MyRDSMonitoringRole"
          },
          "private": "bnVsbA==",
          "dependencies": [
            "module.db.module.db_instance.aws_iam_role.enhanced_monitoring",
            "module.db.module.db_instance.data.aws_iam_policy_document.enhanced_monitoring",
            "module.db.module.db_instance.data.aws_partition.current"
          ]
        }
      ]
    },
    {
      "module": "module.db.module.db_parameter_group",
      "mode": "managed",
      "type": "aws_db_parameter_group",
      "name": "this",
      "provider": "provider[\"registry.terraform.io/hashicorp/aws\"]",
      "instances": [
        {
          "index_key": 0,
          "schema_version": 0,
          "attributes": {
            "arn": "arn:aws:rds:us-west-2:396768596145:pg:dvdrentals-database-20260402140658563800000001",
            "description": "dvdrentals-database parameter group",
            "family": "postgres17",
            "id": "dvdrentals-database-20260402140658563800000001",
            "name": "dvdrentals-database-20260402140658563800000001",
            "name_prefix": "dvdrentals-database-",
            "parameter": [],
            "region": "us-west-2",
            "skip_destroy": false,
            "tags": {
              "Environment": "dev",
              "Name": "dvdrentals-database",
              "Owner": "user"
            },
            "tags_all": {
              "Environment": "dev",
              "Name": "dvdrentals-database",
              "Owner": "user"
            }
          },
          "sensitive_attributes": [],
          "identity_schema_version": 0,
          "private": "bnVsbA==",
          "create_before_destroy": true
        }
      ]
    },
    {
      "module": "module.db.module.db_subnet_group",
      "mode": "managed",
      "type": "aws_db_subnet_group",
      "name": "this",
      "provider": "provider[\"registry.terraform.io/hashicorp/aws\"]",
      "instances": [
        {
          "index_key": 0,
          "schema_version": 0,
          "attributes": {
            "arn": "arn:aws:rds:us-west-2:396768596145:subgrp:dvdrentals-database-20260402140708589100000006",
            "description": "dvdrentals-database subnet group",
            "id": "dvdrentals-database-20260402140708589100000006",
            "name": "dvdrentals-database-20260402140708589100000006",
            "name_prefix": "dvdrentals-database-",
            "region": "us-west-2",
            "subnet_ids": [
              "subnet-0a1cc2a4af66e2dd8",
              "subnet-0d316428f90df8a2e",
              "subnet-0dbd9cc6ff8ad3c47"
            ],
            "supported_network_types": [
              "IPV4"
            ],
            "tags": {
              "Environment": "dev",
              "Name": "dvdrentals-database",
              "Owner": "user"
            },
            "tags_all": {
              "Environment": "dev",
              "Name": "dvdrentals-database",
              "Owner": "user"
            },
            "vpc_id": "vpc-08b21fcb6adabb92c"
          },
          "sensitive_attributes": [],
          "identity_schema_version": 0,
          "private": "bnVsbA==",
          "dependencies": [
            "module.vpc.aws_subnet.private",
            "module.vpc.aws_vpc.this",
            "module.vpc.aws_vpc_ipv4_cidr_block_association.this"
          ]
        }
      ]
    },
    {
      "module": "module.s3_bucket",
      "mode": "data",
      "type": "aws_canonical_user_id",
      "name": "this",
      "provider": "provider[\"registry.terraform.io/hashicorp/aws\"]",
      "instances": [
        {
          "schema_version": 0,
          "attributes": {
            "display_name": "",
            "id": "7a24f7b646abfd791647c7aa616096d0cb68f94227f3ecff37ed005d158004dc"
          },
          "sensitive_attributes": [],
          "identity_schema_version": 0
        }
      ]
    },
    {
      "module": "module.s3_bucket",
      "mode": "managed",
      "type": "aws_s3_bucket",
      "name": "this",
      "provider": "provider[\"registry.terraform.io/hashicorp/aws\"]",
      "instances": [
        {
          "index_key": 0,
          "schema_version": 0,
          "attributes": {
            "acceleration_status": "",
            "acl": null,
            "arn": "arn:aws:s3:::terraform-data-lake-bucket",
            "bucket": "terraform-data-lake-bucket",
            "bucket_domain_name": "terraform-data-lake-bucket.s3.amazonaws.com",
            "bucket_namespace": "global",
            "bucket_prefix": "",
            "bucket_region": "us-west-2",
            "bucket_regional_domain_name": "terraform-data-lake-bucket.s3.us-west-2.amazonaws.com",
            "cors_rule": [],
            "force_destroy": false,
            "grant": [
              {
                "id": "7a24f7b646abfd791647c7aa616096d0cb68f94227f3ecff37ed005d158004dc",
                "permissions": [
                  "FULL_CONTROL"
                ],
                "type": "CanonicalUser",
                "uri": ""
              }
            ],
            "hosted_zone_id": "Z3BJ6K6RIION7M",
            "id": "terraform-data-lake-bucket",
            "lifecycle_rule": [],
            "logging": [],
            "object_lock_configuration": [],
            "object_lock_enabled": false,
            "policy": "",
            "region": "us-west-2",
            "replication_configuration": [],
            "request_payer": "BucketOwner",
            "server_side_encryption_configuration": [
              {
                "rule": [
                  {
                    "apply_server_side_encryption_by_default": [
                      {
                        "kms_master_key_id": "",
                        "sse_algorithm": "AES256"
                      }
                    ],
                    "bucket_key_enabled": false
                  }
                ]
              }
            ],
            "tags": {},
            "tags_all": {},
            "timeouts": null,
            "versioning": [
              {
                "enabled": false,
                "mfa_delete": false
              }
            ],
            "website": [],
            "website_domain": null,
            "website_endpoint": null
          },
          "sensitive_attributes": [],
          "identity_schema_version": 0,
          "identity": {
            "account_id": "396768596145",
            "bucket": "terraform-data-lake-bucket",
            "region": "us-west-2"
          },
          "private": "eyJlMmJmYjczMC1lY2FhLTExZTYtOGY4OC0zNDM2M2JjN2M0YzAiOnsiY3JlYXRlIjoxMjAwMDAwMDAwMDAwLCJkZWxldGUiOjM2MDAwMDAwMDAwMDAsInJlYWQiOjEyMDAwMDAwMDAwMDAsInVwZGF0ZSI6MTIwMDAwMDAwMDAwMH19"
        }
      ]
    },
    {
      "module": "module.s3_bucket",
      "mode": "managed",
      "type": "aws_s3_bucket_ownership_controls",
      "name": "this",
      "provider": "provider[\"registry.terraform.io/hashicorp/aws\"]",
      "instances": [
        {
          "index_key": 0,
          "schema_version": 0,
          "attributes": {
            "bucket": "terraform-data-lake-bucket",
            "id": "terraform-data-lake-bucket",
            "region": "us-west-2",
            "rule": [
              {
                "object_ownership": "BucketOwnerEnforced"
              }
            ]
          },
          "sensitive_attributes": [],
          "identity_schema_version": 0,
          "identity": {
            "account_id": "396768596145",
            "bucket": "terraform-data-lake-bucket",
            "region": "us-west-2"
          },
          "private": "bnVsbA==",
          "dependencies": [
            "module.s3_bucket.aws_s3_bucket.this",
            "module.s3_bucket.aws_s3_bucket_policy.this",
            "module.s3_bucket.aws_s3_bucket_public_access_block.this",
            "module.s3_bucket.data.aws_elb_service_account.this",
            "module.s3_bucket.data.aws_iam_policy_document.combined",
            "module.s3_bucket.data.aws_iam_policy_document.deny_insecure_transport",
            "module.s3_bucket.data.aws_iam_policy_document.elb_log_delivery",
            "module.s3_bucket.data.aws_iam_policy_document.lb_log_delivery",
            "module.s3_bucket.data.aws_iam_policy_document.require_latest_tls"
          ]
        }
      ]
    },
    {
      "module": "module.s3_bucket",
      "mode": "managed",
      "type": "aws_s3_bucket_public_access_block",
      "name": "this",
      "provider": "provider[\"registry.terraform.io/hashicorp/aws\"]",
      "instances": [
        {
          "index_key": 0,
          "schema_version": 0,
          "attributes": {
            "block_public_acls": false,
            "block_public_policy": false,
            "bucket": "terraform-data-lake-bucket",
            "id": "terraform-data-lake-bucket",
            "ignore_public_acls": false,
            "region": "us-west-2",
            "restrict_public_buckets": false,
            "skip_destroy": null
          },
          "sensitive_attributes": [],
          "identity_schema_version": 0,
          "identity": {
            "account_id": "396768596145",
            "bucket": "terraform-data-lake-bucket",
            "region": "us-west-2"
          },
          "private": "bnVsbA==",
          "dependencies": [
            "module.s3_bucket.aws_s3_bucket.this",
            "module.s3_bucket.aws_s3_bucket_policy.this",
            "module.s3_bucket.data.aws_elb_service_account.this",
            "module.s3_bucket.data.aws_iam_policy_document.combined",
            "module.s3_bucket.data.aws_iam_policy_document.deny_insecure_transport",
            "module.s3_bucket.data.aws_iam_policy_document.elb_log_delivery",
            "module.s3_bucket.data.aws_iam_policy_document.lb_log_delivery",
            "module.s3_bucket.data.aws_iam_policy_document.require_latest_tls"
          ]
        }
      ]
    },
    {
      "module": "module.s3_bucket_glue_scripts",
      "mode": "data",
      "type": "aws_canonical_user_id",
      "name": "this",
      "provider": "provider[\"registry.terraform.io/hashicorp/aws\"]",
      "instances": [
        {
          "schema_version": 0,
          "attributes": {
            "display_name": "",
            "id": "7a24f7b646abfd791647c7aa616096d0cb68f94227f3ecff37ed005d158004dc"
          },
          "sensitive_attributes": [],
          "identity_schema_version": 0
        }
      ]
    },
    {
      "module": "module.s3_bucket_glue_scripts",
      "mode": "managed",
      "type": "aws_s3_bucket",
      "name": "this",
      "provider": "provider[\"registry.terraform.io/hashicorp/aws\"]",
      "instances": [
        {
          "index_key": 0,
          "schema_version": 0,
          "attributes": {
            "acceleration_status": "",
            "acl": null,
            "arn": "arn:aws:s3:::terraform-glue-scripts-bucket",
            "bucket": "terraform-glue-scripts-bucket",
            "bucket_domain_name": "terraform-glue-scripts-bucket.s3.amazonaws.com",
            "bucket_namespace": "global",
            "bucket_prefix": "",
            "bucket_region": "us-west-2",
            "bucket_regional_domain_name": "terraform-glue-scripts-bucket.s3.us-west-2.amazonaws.com",
            "cors_rule": [],
            "force_destroy": false,
            "grant": [
              {
                "id": "7a24f7b646abfd791647c7aa616096d0cb68f94227f3ecff37ed005d158004dc",
                "permissions": [
                  "FULL_CONTROL"
                ],
                "type": "CanonicalUser",
                "uri": ""
              }
            ],
            "hosted_zone_id": "Z3BJ6K6RIION7M",
            "id": "terraform-glue-scripts-bucket",
            "lifecycle_rule": [],
            "logging": [],
            "object_lock_configuration": [],
            "object_lock_enabled": false,
            "policy": "",
            "region": "us-west-2",
            "replication_configuration": [],
            "request_payer": "BucketOwner",
            "server_side_encryption_configuration": [
              {
                "rule": [
                  {
                    "apply_server_side_encryption_by_default": [
                      {
                        "kms_master_key_id": "",
                        "sse_algorithm": "AES256"
                      }
                    ],
                    "bucket_key_enabled": false
                  }
                ]
              }
            ],
            "tags": {},
            "tags_all": {},
            "timeouts": null,
            "versioning": [
              {
                "enabled": false,
                "mfa_delete": false
              }
            ],
            "website": [],
            "website_domain": null,
            "website_endpoint": null
          },
          "sensitive_attributes": [],
          "identity_schema_version": 0,
          "identity": {
            "account_id": "396768596145",
            "bucket": "terraform-glue-scripts-bucket",
            "region": "us-west-2"
          },
          "private": "eyJlMmJmYjczMC1lY2FhLTExZTYtOGY4OC0zNDM2M2JjN2M0YzAiOnsiY3JlYXRlIjoxMjAwMDAwMDAwMDAwLCJkZWxldGUiOjM2MDAwMDAwMDAwMDAsInJlYWQiOjEyMDAwMDAwMDAwMDAsInVwZGF0ZSI6MTIwMDAwMDAwMDAwMH19"
        }
      ]
    },
    {
      "module": "module.s3_bucket_glue_scripts",
      "mode": "managed",
      "type": "aws_s3_bucket_ownership_controls",
      "name": "this",
      "provider": "provider[\"registry.terraform.io/hashicorp/aws\"]",
      "instances": [
        {
          "index_key": 0,
          "schema_version": 0,
          "attributes": {
            "bucket": "terraform-glue-scripts-bucket",
            "id": "terraform-glue-scripts-bucket",
            "region": "us-west-2",
            "rule": [
              {
                "object_ownership": "BucketOwnerEnforced"
              }
            ]
          },
          "sensitive_attributes": [],
          "identity_schema_version": 0,
          "identity": {
            "account_id": "396768596145",
            "bucket": "terraform-glue-scripts-bucket",
            "region": "us-west-2"
          },
          "private": "bnVsbA==",
          "dependencies": [
            "module.s3_bucket_glue_scripts.aws_s3_bucket.this",
            "module.s3_bucket_glue_scripts.aws_s3_bucket_policy.this",
            "module.s3_bucket_glue_scripts.aws_s3_bucket_public_access_block.this",
            "module.s3_bucket_glue_scripts.data.aws_elb_service_account.this",
            "module.s3_bucket_glue_scripts.data.aws_iam_policy_document.combined",
            "module.s3_bucket_glue_scripts.data.aws_iam_policy_document.deny_insecure_transport",
            "module.s3_bucket_glue_scripts.data.aws_iam_policy_document.elb_log_delivery",
            "module.s3_bucket_glue_scripts.data.aws_iam_policy_document.lb_log_delivery",
            "module.s3_bucket_glue_scripts.data.aws_iam_policy_document.require_latest_tls"
          ]
        }
      ]
    },
    {
      "module": "module.s3_bucket_glue_scripts",
      "mode": "managed",
      "type": "aws_s3_bucket_public_access_block",
      "name": "this",
      "provider": "provider[\"registry.terraform.io/hashicorp/aws\"]",
      "instances": [
        {
          "index_key": 0,
          "schema_version": 0,
          "attributes": {
            "block_public_acls": false,
            "block_public_policy": false,
            "bucket": "terraform-glue-scripts-bucket",
            "id": "terraform-glue-scripts-bucket",
            "ignore_public_acls": false,
            "region": "us-west-2",
            "restrict_public_buckets": false,
            "skip_destroy": null
          },
          "sensitive_attributes": [],
          "identity_schema_version": 0,
          "identity": {
            "account_id": "396768596145",
            "bucket": "terraform-glue-scripts-bucket",
            "region": "us-west-2"
          },
          "private": "bnVsbA==",
          "dependencies": [
            "module.s3_bucket_glue_scripts.aws_s3_bucket.this",
            "module.s3_bucket_glue_scripts.aws_s3_bucket_policy.this",
            "module.s3_bucket_glue_scripts.data.aws_elb_service_account.this",
            "module.s3_bucket_glue_scripts.data.aws_iam_policy_document.combined",
            "module.s3_bucket_glue_scripts.data.aws_iam_policy_document.deny_insecure_transport",
            "module.s3_bucket_glue_scripts.data.aws_iam_policy_document.elb_log_delivery",
            "module.s3_bucket_glue_scripts.data.aws_iam_policy_document.lb_log_delivery",
            "module.s3_bucket_glue_scripts.data.aws_iam_policy_document.require_latest_tls"
          ]
        }
      ]
    },
    {
      "module": "module.vpc",
      "mode": "managed",
      "type": "aws_default_network_acl",
      "name": "this",
      "provider": "provider[\"registry.terraform.io/hashicorp/aws\"]",
      "instances": [
        {
          "index_key": 0,
          "schema_version": 0,
          "attributes": {
            "arn": "arn:aws:ec2:us-west-2:396768596145:network-acl/acl-0c1d6636509244d70",
            "default_network_acl_id": "acl-0c1d6636509244d70",
            "egress": [
              {
                "action": "allow",
                "cidr_block": "",
                "from_port": 0,
                "icmp_code": 0,
                "icmp_type": 0,
                "ipv6_cidr_block": "::/0",
                "protocol": "-1",
                "rule_no": 101,
                "to_port": 0
              },
              {
                "action": "allow",
                "cidr_block": "0.0.0.0/0",
                "from_port": 0,
                "icmp_code": 0,
                "icmp_type": 0,
                "ipv6_cidr_block": "",
                "protocol": "-1",
                "rule_no": 100,
                "to_port": 0
              }
            ],
            "id": "acl-0c1d6636509244d70",
            "ingress": [
              {
                "action": "allow",
                "cidr_block": "",
                "from_port": 0,
                "icmp_code": 0,
                "icmp_type": 0,
                "ipv6_cidr_block": "::/0",
                "protocol": "-1",
                "rule_no": 101,
                "to_port": 0
              },
              {
                "action": "allow",
                "cidr_block": "0.0.0.0/0",
                "from_port": 0,
                "icmp_code": 0,
                "icmp_type": 0,
                "ipv6_cidr_block": "",
                "protocol": "-1",
                "rule_no": 100,
                "to_port": 0
              }
            ],
            "owner_id": "396768596145",
            "region": "us-west-2",
            "subnet_ids": [
              "subnet-05a828432d169382e",
              "subnet-0a1cc2a4af66e2dd8",
              "subnet-0aaf943f8c06b12c9",
              "subnet-0d316428f90df8a2e",
              "subnet-0d7ab0cb58bcf99f1",
              "subnet-0dbd9cc6ff8ad3c47"
            ],
            "tags": {
              "Environment": "dev",
              "Name": "dvdrentals-datalake-vpc-default",
              "Terraform": "true"
            },
            "tags_all": {
              "Environment": "dev",
              "Name": "dvdrentals-datalake-vpc-default",
              "Terraform": "true"
            },
            "vpc_id": "vpc-08b21fcb6adabb92c"
          },
          "sensitive_attributes": [],
          "identity_schema_version": 0,
          "private": "bnVsbA==",
          "dependencies": [
            "module.vpc.aws_vpc.this"
          ]
        }
      ]
    },
    {
      "module": "module.vpc",
      "mode": "managed",
      "type": "aws_default_route_table",
      "name": "default",
      "provider": "provider[\"registry.terraform.io/hashicorp/aws\"]",
      "instances": [
        {
          "index_key": 0,
          "schema_version": 0,
          "attributes": {
            "arn": "arn:aws:ec2:us-west-2:396768596145:route-table/rtb-04d0f1371478fee32",
            "default_route_table_id": "rtb-04d0f1371478fee32",
            "id": "rtb-04d0f1371478fee32",
            "owner_id": "396768596145",
            "propagating_vgws": [],
            "region": "us-west-2",
            "route": [],
            "tags": {
              "Environment": "dev",
              "Name": "dvdrentals-datalake-vpc-default",
              "Terraform": "true"
            },
            "tags_all": {
              "Environment": "dev",
              "Name": "dvdrentals-datalake-vpc-default",
              "Terraform": "true"
            },
            "timeouts": {
              "create": "5m",
              "update": "5m"
            },
            "vpc_id": "vpc-08b21fcb6adabb92c"
          },
          "sensitive_attributes": [],
          "identity_schema_version": 0,
          "private": "eyJlMmJmYjczMC1lY2FhLTExZTYtOGY4OC0zNDM2M2JjN2M0YzAiOnsiY3JlYXRlIjozMDAwMDAwMDAwMDAsInVwZGF0ZSI6MzAwMDAwMDAwMDAwfX0=",
          "dependencies": [
            "module.vpc.aws_vpc.this"
          ]
        }
      ]
    },
    {
      "module": "module.vpc",
      "mode": "managed",
      "type": "aws_default_security_group",
      "name": "this",
      "provider": "provider[\"registry.terraform.io/hashicorp/aws\"]",
      "instances": [
        {
          "index_key": 0,
          "schema_version": 1,
          "attributes": {
            "arn": "arn:aws:ec2:us-west-2:396768596145:security-group/sg-0472f6c1bbb76e145",
            "description": "default VPC security group",
            "egress": [],
            "id": "sg-0472f6c1bbb76e145",
            "ingress": [],
            "name": "default",
            "name_prefix": "",
            "owner_id": "396768596145",
            "region": "us-west-2",
            "revoke_rules_on_delete": false,
            "tags": {
              "Environment": "dev",
              "Name": "dvdrentals-datalake-vpc-default",
              "Terraform": "true"
            },
            "tags_all": {
              "Environment": "dev",
              "Name": "dvdrentals-datalake-vpc-default",
              "Terraform": "true"
            },
            "vpc_id": "vpc-08b21fcb6adabb92c"
          },
          "sensitive_attributes": [],
          "identity_schema_version": 0,
          "private": "eyJzY2hlbWFfdmVyc2lvbiI6IjEifQ==",
          "dependencies": [
            "module.vpc.aws_vpc.this"
          ]
        }
      ]
    },
    {
      "module": "module.vpc",
      "mode": "managed",
      "type": "aws_eip",
      "name": "nat",
      "provider": "provider[\"registry.terraform.io/hashicorp/aws\"]",
      "instances": [
        {
          "index_key": 0,
          "schema_version": 0,
          "attributes": {
            "address": null,
            "allocation_id": "eipalloc-0e6e38910f90638bd",
            "arn": "arn:aws:ec2:us-west-2:396768596145:elastic-ip/eipalloc-0e6e38910f90638bd",
            "associate_with_private_ip": null,
            "association_id": "eipassoc-01343cf2ddbb5b735",
            "carrier_ip": "",
            "customer_owned_ip": "",
            "customer_owned_ipv4_pool": "",
            "domain": "vpc",
            "id": "eipalloc-0e6e38910f90638bd",
            "instance": "",
            "ipam_pool_id": null,
            "network_border_group": "us-west-2",
            "network_interface": "eni-0a43743dde9298a49",
            "private_dns": "ip-10-0-101-170.us-west-2.compute.internal",
            "private_ip": "10.0.101.170",
            "ptr_record": "",
            "public_dns": "ec2-34-210-250-223.us-west-2.compute.amazonaws.com",
            "public_ip": "34.210.250.223",
            "public_ipv4_pool": "amazon",
            "region": "us-west-2",
            "tags": {
              "Environment": "dev",
              "Name": "dvdrentals-datalake-vpc-us-west-2a",
              "Terraform": "true"
            },
            "tags_all": {
              "Environment": "dev",
              "Name": "dvdrentals-datalake-vpc-us-west-2a",
              "Terraform": "true"
            },
            "timeouts": null
          },
          "sensitive_attributes": [],
          "identity_schema_version": 0,
          "private": "eyJlMmJmYjczMC1lY2FhLTExZTYtOGY4OC0zNDM2M2JjN2M0YzAiOnsiZGVsZXRlIjoxODAwMDAwMDAwMDAsInJlYWQiOjkwMDAwMDAwMDAwMCwidXBkYXRlIjozMDAwMDAwMDAwMDB9fQ==",
          "dependencies": [
            "module.vpc.aws_internet_gateway.this",
            "module.vpc.aws_vpc.this",
            "module.vpc.aws_vpc_ipv4_cidr_block_association.this"
          ]
        }
      ]
    },
    {
      "module": "module.vpc",
      "mode": "managed",
      "type": "aws_internet_gateway",
      "name": "this",
      "provider": "provider[\"registry.terraform.io/hashicorp/aws\"]",
      "instances": [
        {
          "index_key": 0,
          "schema_version": 0,
          "attributes": {
            "arn": "arn:aws:ec2:us-west-2:396768596145:internet-gateway/igw-09d9a0a582673d6e2",
            "id": "igw-09d9a0a582673d6e2",
            "owner_id": "396768596145",
            "region": "us-west-2",
            "tags": {
              "Environment": "dev",
              "Name": "dvdrentals-datalake-vpc",
              "Terraform": "true"
            },
            "tags_all": {
              "Environment": "dev",
              "Name": "dvdrentals-datalake-vpc",
              "Terraform": "true"
            },
            "timeouts": null,
            "vpc_id": "vpc-08b21fcb6adabb92c"
          },
          "sensitive_attributes": [],
          "identity_schema_version": 0,
          "private": "eyJlMmJmYjczMC1lY2FhLTExZTYtOGY4OC0zNDM2M2JjN2M0YzAiOnsiY3JlYXRlIjoxMjAwMDAwMDAwMDAwLCJkZWxldGUiOjEyMDAwMDAwMDAwMDAsInVwZGF0ZSI6MTIwMDAwMDAwMDAwMH19",
          "dependencies": [
            "module.vpc.aws_vpc.this",
            "module.vpc.aws_vpc_ipv4_cidr_block_association.this"
          ]
        }
      ]
    },
    {
      "module": "module.vpc",
      "mode": "managed",
      "type": "aws_nat_gateway",
      "name": "this",
      "provider": "provider[\"registry.terraform.io/hashicorp/aws\"]",
      "instances": [
        {
          "index_key": 0,
          "schema_version": 0,
          "attributes": {
            "allocation_id": "eipalloc-0e6e38910f90638bd",
            "association_id": "eipassoc-01343cf2ddbb5b735",
            "auto_provision_zones": null,
            "auto_scaling_ips": null,
            "availability_mode": "zonal",
            "availability_zone_address": [],
            "connectivity_type": "public",
            "id": "nat-0bff8715cac714937",
            "network_interface_id": "eni-0a43743dde9298a49",
            "private_ip": "10.0.101.170",
            "public_ip": "34.210.250.223",
            "region": "us-west-2",
            "regional_nat_gateway_address": [],
            "regional_nat_gateway_auto_mode": null,
            "route_table_id": null,
            "secondary_allocation_ids": [],
            "secondary_private_ip_address_count": 0,
            "secondary_private_ip_addresses": [],
            "subnet_id": "subnet-05a828432d169382e",
            "tags": {
              "Environment": "dev",
              "Name": "dvdrentals-datalake-vpc-us-west-2a",
              "Terraform": "true"
            },
            "tags_all": {
              "Environment": "dev",
              "Name": "dvdrentals-datalake-vpc-us-west-2a",
              "Terraform": "true"
            },
            "timeouts": null,
            "vpc_id": "vpc-08b21fcb6adabb92c"
          },
          "sensitive_attributes": [],
          "identity_schema_version": 0,
          "private": "eyJlMmJmYjczMC1lY2FhLTExZTYtOGY4OC0zNDM2M2JjN2M0YzAiOnsiY3JlYXRlIjo2MDAwMDAwMDAwMDAsImRlbGV0ZSI6MTgwMDAwMDAwMDAwMCwidXBkYXRlIjo2MDAwMDAwMDAwMDB9fQ==",
          "dependencies": [
            "module.vpc.aws_eip.nat",
            "module.vpc.aws_internet_gateway.this",
            "module.vpc.aws_subnet.public",
            "module.vpc.aws_vpc.this",
            "module.vpc.aws_vpc_ipv4_cidr_block_association.this"
          ]
        }
      ]
    },
    {
      "module": "module.vpc",
      "mode": "managed",
      "type": "aws_route",
      "name": "private_nat_gateway",
      "provider": "provider[\"registry.terraform.io/hashicorp/aws\"]",
      "instances": [
        {
          "index_key": 0,
          "schema_version": 0,
          "attributes": {
            "carrier_gateway_id": "",
            "core_network_arn": "",
            "destination_cidr_block": "0.0.0.0/0",
            "destination_ipv6_cidr_block": "",
            "destination_prefix_list_id": "",
            "egress_only_gateway_id": "",
            "gateway_id": "",
            "id": "r-rtb-06fa84bc33bb47e901080289494",
            "instance_id": "",
            "instance_owner_id": "",
            "local_gateway_id": "",
            "nat_gateway_id": "nat-0bff8715cac714937",
            "network_interface_id": "",
            "origin": "CreateRoute",
            "region": "us-west-2",
            "route_table_id": "rtb-06fa84bc33bb47e90",
            "state": "active",
            "timeouts": {
              "create": "5m",
              "delete": null,
              "update": null
            },
            "transit_gateway_id": "",
            "vpc_endpoint_id": "",
            "vpc_peering_connection_id": ""
          },
          "sensitive_attributes": [],
          "identity_schema_version": 0,
          "identity": {
            "account_id": "396768596145",
            "destination_cidr_block": "0.0.0.0/0",
            "destination_ipv6_cidr_block": null,
            "destination_prefix_list_id": null,
            "region": "us-west-2",
            "route_table_id": "rtb-06fa84bc33bb47e90"
          },
          "private": "eyJlMmJmYjczMC1lY2FhLTExZTYtOGY4OC0zNDM2M2JjN2M0YzAiOnsiY3JlYXRlIjozMDAwMDAwMDAwMDAsImRlbGV0ZSI6MzAwMDAwMDAwMDAwLCJ1cGRhdGUiOjEyMDAwMDAwMDAwMH19",
          "dependencies": [
            "module.vpc.aws_eip.nat",
            "module.vpc.aws_internet_gateway.this",
            "module.vpc.aws_nat_gateway.this",
            "module.vpc.aws_route_table.private",
            "module.vpc.aws_subnet.public",
            "module.vpc.aws_vpc.this",
            "module.vpc.aws_vpc_ipv4_cidr_block_association.this"
          ]
        }
      ]
    },
    {
      "module": "module.vpc",
      "mode": "managed",
      "type": "aws_route",
      "name": "public_internet_gateway",
      "provider": "provider[\"registry.terraform.io/hashicorp/aws\"]",
      "instances": [
        {
          "index_key": 0,
          "schema_version": 0,
          "attributes": {
            "carrier_gateway_id": "",
            "core_network_arn": "",
            "destination_cidr_block": "0.0.0.0/0",
            "destination_ipv6_cidr_block": "",
            "destination_prefix_list_id": "",
            "egress_only_gateway_id": "",
            "gateway_id": "igw-09d9a0a582673d6e2",
            "id": "r-rtb-0cfc2ee61bacc96691080289494",
            "instance_id": "",
            "instance_owner_id": "",
            "local_gateway_id": "",
            "nat_gateway_id": "",
            "network_interface_id": "",
            "origin": "CreateRoute",
            "region": "us-west-2",
            "route_table_id": "rtb-0cfc2ee61bacc9669",
            "state": "active",
            "timeouts": {
              "create": "5m",
              "delete": null,
              "update": null
            },
            "transit_gateway_id": "",
            "vpc_endpoint_id": "",
            "vpc_peering_connection_id": ""
          },
          "sensitive_attributes": [],
          "identity_schema_version": 0,
          "identity": {
            "account_id": "396768596145",
            "destination_cidr_block": "0.0.0.0/0",
            "destination_ipv6_cidr_block": null,
            "destination_prefix_list_id": null,
            "region": "us-west-2",
            "route_table_id": "rtb-0cfc2ee61bacc9669"
          },
          "private": "eyJlMmJmYjczMC1lY2FhLTExZTYtOGY4OC0zNDM2M2JjN2M0YzAiOnsiY3JlYXRlIjozMDAwMDAwMDAwMDAsImRlbGV0ZSI6MzAwMDAwMDAwMDAwLCJ1cGRhdGUiOjEyMDAwMDAwMDAwMH19",
          "dependencies": [
            "module.vpc.aws_internet_gateway.this",
            "module.vpc.aws_route_table.public",
            "module.vpc.aws_vpc.this",
            "module.vpc.aws_vpc_ipv4_cidr_block_association.this"
          ]
        }
      ]
    },
    {
      "module": "module.vpc",
      "mode": "managed",
      "type": "aws_route_table",
      "name": "private",
      "provider": "provider[\"registry.terraform.io/hashicorp/aws\"]",
      "instances": [
        {
          "index_key": 0,
          "schema_version": 0,
          "attributes": {
            "arn": "arn:aws:ec2:us-west-2:396768596145:route-table/rtb-06fa84bc33bb47e90",
            "id": "rtb-06fa84bc33bb47e90",
            "owner_id": "396768596145",
            "propagating_vgws": [],
            "region": "us-west-2",
            "route": [
              {
                "carrier_gateway_id": "",
                "cidr_block": "0.0.0.0/0",
                "core_network_arn": "",
                "destination_prefix_list_id": "",
                "egress_only_gateway_id": "",
                "gateway_id": "",
                "ipv6_cidr_block": "",
                "local_gateway_id": "",
                "nat_gateway_id": "nat-0bff8715cac714937",
                "network_interface_id": "",
                "transit_gateway_id": "",
                "vpc_endpoint_id": "",
                "vpc_peering_connection_id": ""
              }
            ],
            "tags": {
              "Environment": "dev",
              "Name": "dvdrentals-datalake-vpc-private",
              "Terraform": "true"
            },
            "tags_all": {
              "Environment": "dev",
              "Name": "dvdrentals-datalake-vpc-private",
              "Terraform": "true"
            },
            "timeouts": null,
            "vpc_id": "vpc-08b21fcb6adabb92c"
          },
          "sensitive_attributes": [],
          "identity_schema_version": 0,
          "identity": {
            "account_id": "396768596145",
            "id": "rtb-06fa84bc33bb47e90",
            "region": "us-west-2"
          },
          "private": "eyJlMmJmYjczMC1lY2FhLTExZTYtOGY4OC0zNDM2M2JjN2M0YzAiOnsiY3JlYXRlIjozMDAwMDAwMDAwMDAsImRlbGV0ZSI6MzAwMDAwMDAwMDAwLCJ1cGRhdGUiOjEyMDAwMDAwMDAwMH19",
          "dependencies": [
            "module.vpc.aws_vpc.this",
            "module.vpc.aws_vpc_ipv4_cidr_block_association.this"
          ]
        }
      ]
    },
    {
      "module": "module.vpc",
      "mode": "managed",
      "type": "aws_route_table",
      "name": "public",
      "provider": "provider[\"registry.terraform.io/hashicorp/aws\"]",
      "instances": [
        {
          "index_key": 0,
          "schema_version": 0,
          "attributes": {
            "arn": "arn:aws:ec2:us-west-2:396768596145:route-table/rtb-0cfc2ee61bacc9669",
            "id": "rtb-0cfc2ee61bacc9669",
            "owner_id": "396768596145",
            "propagating_vgws": [],
            "region": "us-west-2",
            "route": [
              {
                "carrier_gateway_id": "",
                "cidr_block": "0.0.0.0/0",
                "core_network_arn": "",
                "destination_prefix_list_id": "",
                "egress_only_gateway_id": "",
                "gateway_id": "igw-09d9a0a582673d6e2",
                "ipv6_cidr_block": "",
                "local_gateway_id": "",
                "nat_gateway_id": "",
                "network_interface_id": "",
                "transit_gateway_id": "",
                "vpc_endpoint_id": "",
                "vpc_peering_connection_id": ""
              }
            ],
            "tags": {
              "Environment": "dev",
              "Name": "dvdrentals-datalake-vpc-public",
              "Terraform": "true"
            },
            "tags_all": {
              "Environment": "dev",
              "Name": "dvdrentals-datalake-vpc-public",
              "Terraform": "true"
            },
            "timeouts": null,
            "vpc_id": "vpc-08b21fcb6adabb92c"
          },
          "sensitive_attributes": [],
          "identity_schema_version": 0,
          "identity": {
            "account_id": "396768596145",
            "id": "rtb-0cfc2ee61bacc9669",
            "region": "us-west-2"
          },
          "private": "eyJlMmJmYjczMC1lY2FhLTExZTYtOGY4OC0zNDM2M2JjN2M0YzAiOnsiY3JlYXRlIjozMDAwMDAwMDAwMDAsImRlbGV0ZSI6MzAwMDAwMDAwMDAwLCJ1cGRhdGUiOjEyMDAwMDAwMDAwMH19",
          "dependencies": [
            "module.vpc.aws_vpc.this",
            "module.vpc.aws_vpc_ipv4_cidr_block_association.this"
          ]
        }
      ]
    },
    {
      "module": "module.vpc",
      "mode": "managed",
      "type": "aws_route_table_association",
      "name": "private",
      "provider": "provider[\"registry.terraform.io/hashicorp/aws\"]",
      "instances": [
        {
          "index_key": 0,
          "schema_version": 0,
          "attributes": {
            "gateway_id": "",
            "id": "rtbassoc-0a5ca21fac989c815",
            "region": "us-west-2",
            "route_table_id": "rtb-06fa84bc33bb47e90",
            "subnet_id": "subnet-0a1cc2a4af66e2dd8",
            "timeouts": null
          },
          "sensitive_attributes": [],
          "identity_schema_version": 0,
          "private": "eyJlMmJmYjczMC1lY2FhLTExZTYtOGY4OC0zNDM2M2JjN2M0YzAiOnsiY3JlYXRlIjozMDAwMDAwMDAwMDAsImRlbGV0ZSI6MzAwMDAwMDAwMDAwLCJ1cGRhdGUiOjEyMDAwMDAwMDAwMH19",
          "dependencies": [
            "module.vpc.aws_route_table.private",
            "module.vpc.aws_subnet.private",
            "module.vpc.aws_vpc.this",
            "module.vpc.aws_vpc_ipv4_cidr_block_association.this"
          ]
        },
        {
          "index_key": 1,
          "schema_version": 0,
          "attributes": {
            "gateway_id": "",
            "id": "rtbassoc-0e734d5d44bec3cd4",
            "region": "us-west-2",
            "route_table_id": "rtb-06fa84bc33bb47e90",
            "subnet_id": "subnet-0d316428f90df8a2e",
            "timeouts": null
          },
          "sensitive_attributes": [],
          "identity_schema_version": 0,
          "private": "eyJlMmJmYjczMC1lY2FhLTExZTYtOGY4OC0zNDM2M2JjN2M0YzAiOnsiY3JlYXRlIjozMDAwMDAwMDAwMDAsImRlbGV0ZSI6MzAwMDAwMDAwMDAwLCJ1cGRhdGUiOjEyMDAwMDAwMDAwMH19",
          "dependencies": [
            "module.vpc.aws_route_table.private",
            "module.vpc.aws_subnet.private",
            "module.vpc.aws_vpc.this",
            "module.vpc.aws_vpc_ipv4_cidr_block_association.this"
          ]
        },
        {
          "index_key": 2,
          "schema_version": 0,
          "attributes": {
            "gateway_id": "",
            "id": "rtbassoc-0afe2cb2a0d7ac76d",
            "region": "us-west-2",
            "route_table_id": "rtb-06fa84bc33bb47e90",
            "subnet_id": "subnet-0dbd9cc6ff8ad3c47",
            "timeouts": null
          },
          "sensitive_attributes": [],
          "identity_schema_version": 0,
          "private": "eyJlMmJmYjczMC1lY2FhLTExZTYtOGY4OC0zNDM2M2JjN2M0YzAiOnsiY3JlYXRlIjozMDAwMDAwMDAwMDAsImRlbGV0ZSI6MzAwMDAwMDAwMDAwLCJ1cGRhdGUiOjEyMDAwMDAwMDAwMH19",
          "dependencies": [
            "module.vpc.aws_route_table.private",
            "module.vpc.aws_subnet.private",
            "module.vpc.aws_vpc.this",
            "module.vpc.aws_vpc_ipv4_cidr_block_association.this"
          ]
        }
      ]
    },
    {
      "module": "module.vpc",
      "mode": "managed",
      "type": "aws_route_table_association",
      "name": "public",
      "provider": "provider[\"registry.terraform.io/hashicorp/aws\"]",
      "instances": [
        {
          "index_key": 0,
          "schema_version": 0,
          "attributes": {
            "gateway_id": "",
            "id": "rtbassoc-097161da501967a06",
            "region": "us-west-2",
            "route_table_id": "rtb-0cfc2ee61bacc9669",
            "subnet_id": "subnet-05a828432d169382e",
            "timeouts": null
          },
          "sensitive_attributes": [],
          "identity_schema_version": 0,
          "private": "eyJlMmJmYjczMC1lY2FhLTExZTYtOGY4OC0zNDM2M2JjN2M0YzAiOnsiY3JlYXRlIjozMDAwMDAwMDAwMDAsImRlbGV0ZSI6MzAwMDAwMDAwMDAwLCJ1cGRhdGUiOjEyMDAwMDAwMDAwMH19",
          "dependencies": [
            "module.vpc.aws_route_table.public",
            "module.vpc.aws_subnet.public",
            "module.vpc.aws_vpc.this",
            "module.vpc.aws_vpc_ipv4_cidr_block_association.this"
          ]
        },
        {
          "index_key": 1,
          "schema_version": 0,
          "attributes": {
            "gateway_id": "",
            "id": "rtbassoc-0933ba626de57dcf2",
            "region": "us-west-2",
            "route_table_id": "rtb-0cfc2ee61bacc9669",
            "subnet_id": "subnet-0aaf943f8c06b12c9",
            "timeouts": null
          },
          "sensitive_attributes": [],
          "identity_schema_version": 0,
          "private": "eyJlMmJmYjczMC1lY2FhLTExZTYtOGY4OC0zNDM2M2JjN2M0YzAiOnsiY3JlYXRlIjozMDAwMDAwMDAwMDAsImRlbGV0ZSI6MzAwMDAwMDAwMDAwLCJ1cGRhdGUiOjEyMDAwMDAwMDAwMH19",
          "dependencies": [
            "module.vpc.aws_route_table.public",
            "module.vpc.aws_subnet.public",
            "module.vpc.aws_vpc.this",
            "module.vpc.aws_vpc_ipv4_cidr_block_association.this"
          ]
        },
        {
          "index_key": 2,
          "schema_version": 0,
          "attributes": {
            "gateway_id": "",
            "id": "rtbassoc-0ea17aad20c82f909",
            "region": "us-west-2",
            "route_table_id": "rtb-0cfc2ee61bacc9669",
            "subnet_id": "subnet-0d7ab0cb58bcf99f1",
            "timeouts": null
          },
          "sensitive_attributes": [],
          "identity_schema_version": 0,
          "private": "eyJlMmJmYjczMC1lY2FhLTExZTYtOGY4OC0zNDM2M2JjN2M0YzAiOnsiY3JlYXRlIjozMDAwMDAwMDAwMDAsImRlbGV0ZSI6MzAwMDAwMDAwMDAwLCJ1cGRhdGUiOjEyMDAwMDAwMDAwMH19",
          "dependencies": [
            "module.vpc.aws_route_table.public",
            "module.vpc.aws_subnet.public",
            "module.vpc.aws_vpc.this",
            "module.vpc.aws_vpc_ipv4_cidr_block_association.this"
          ]
        }
      ]
    },
    {
      "module": "module.vpc",
      "mode": "managed",
      "type": "aws_subnet",
      "name": "private",
      "provider": "provider[\"registry.terraform.io/hashicorp/aws\"]",
      "instances": [
        {
          "index_key": 0,
          "schema_version": 1,
          "attributes": {
            "arn": "arn:aws:ec2:us-west-2:396768596145:subnet/subnet-0a1cc2a4af66e2dd8",
            "assign_ipv6_address_on_creation": false,
            "availability_zone": "us-west-2a",
            "availability_zone_id": "usw2-az2",
            "cidr_block": "10.0.1.0/24",
            "customer_owned_ipv4_pool": "",
            "enable_dns64": false,
            "enable_lni_at_device_index": 0,
            "enable_resource_name_dns_a_record_on_launch": false,
            "enable_resource_name_dns_aaaa_record_on_launch": false,
            "id": "subnet-0a1cc2a4af66e2dd8",
            "ipv4_ipam_pool_id": null,
            "ipv4_netmask_length": null,
            "ipv6_cidr_block": "",
            "ipv6_cidr_block_association_id": "",
            "ipv6_ipam_pool_id": null,
            "ipv6_native": false,
            "ipv6_netmask_length": null,
            "map_customer_owned_ip_on_launch": false,
            "map_public_ip_on_launch": false,
            "outpost_arn": "",
            "owner_id": "396768596145",
            "private_dns_hostname_type_on_launch": "ip-name",
            "region": "us-west-2",
            "tags": {
              "Environment": "dev",
              "Name": "dvdrentals-datalake-vpc-private-us-west-2a",
              "Terraform": "true"
            },
            "tags_all": {
              "Environment": "dev",
              "Name": "dvdrentals-datalake-vpc-private-us-west-2a",
              "Terraform": "true"
            },
            "timeouts": null,
            "vpc_id": "vpc-08b21fcb6adabb92c"
          },
          "sensitive_attributes": [],
          "identity_schema_version": 0,
          "identity": {
            "account_id": "396768596145",
            "id": "subnet-0a1cc2a4af66e2dd8",
            "region": "us-west-2"
          },
          "private": "eyJlMmJmYjczMC1lY2FhLTExZTYtOGY4OC0zNDM2M2JjN2M0YzAiOnsiY3JlYXRlIjo2MDAwMDAwMDAwMDAsImRlbGV0ZSI6MTIwMDAwMDAwMDAwMH0sInNjaGVtYV92ZXJzaW9uIjoiMSJ9",
          "dependencies": [
            "module.vpc.aws_vpc.this",
            "module.vpc.aws_vpc_ipv4_cidr_block_association.this"
          ]
        },
        {
          "index_key": 1,
          "schema_version": 1,
          "attributes": {
            "arn": "arn:aws:ec2:us-west-2:396768596145:subnet/subnet-0d316428f90df8a2e",
            "assign_ipv6_address_on_creation": false,
            "availability_zone": "us-west-2b",
            "availability_zone_id": "usw2-az1",
            "cidr_block": "10.0.2.0/24",
            "customer_owned_ipv4_pool": "",
            "enable_dns64": false,
            "enable_lni_at_device_index": 0,
            "enable_resource_name_dns_a_record_on_launch": false,
            "enable_resource_name_dns_aaaa_record_on_launch": false,
            "id": "subnet-0d316428f90df8a2e",
            "ipv4_ipam_pool_id": null,
            "ipv4_netmask_length": null,
            "ipv6_cidr_block": "",
            "ipv6_cidr_block_association_id": "",
            "ipv6_ipam_pool_id": null,
            "ipv6_native": false,
            "ipv6_netmask_length": null,
            "map_customer_owned_ip_on_launch": false,
            "map_public_ip_on_launch": false,
            "outpost_arn": "",
            "owner_id": "396768596145",
            "private_dns_hostname_type_on_launch": "ip-name",
            "region": "us-west-2",
            "tags": {
              "Environment": "dev",
              "Name": "dvdrentals-datalake-vpc-private-us-west-2b",
              "Terraform": "true"
            },
            "tags_all": {
              "Environment": "dev",
              "Name": "dvdrentals-datalake-vpc-private-us-west-2b",
              "Terraform": "true"
            },
            "timeouts": null,
            "vpc_id": "vpc-08b21fcb6adabb92c"
          },
          "sensitive_attributes": [],
          "identity_schema_version": 0,
          "identity": {
            "account_id": "396768596145",
            "id": "subnet-0d316428f90df8a2e",
            "region": "us-west-2"
          },
          "private": "eyJlMmJmYjczMC1lY2FhLTExZTYtOGY4OC0zNDM2M2JjN2M0YzAiOnsiY3JlYXRlIjo2MDAwMDAwMDAwMDAsImRlbGV0ZSI6MTIwMDAwMDAwMDAwMH0sInNjaGVtYV92ZXJzaW9uIjoiMSJ9",
          "dependencies": [
            "module.vpc.aws_vpc.this",
            "module.vpc.aws_vpc_ipv4_cidr_block_association.this"
          ]
        },
        {
          "index_key": 2,
          "schema_version": 1,
          "attributes": {
            "arn": "arn:aws:ec2:us-west-2:396768596145:subnet/subnet-0dbd9cc6ff8ad3c47",
            "assign_ipv6_address_on_creation": false,
            "availability_zone": "us-west-2c",
            "availability_zone_id": "usw2-az3",
            "cidr_block": "10.0.3.0/24",
            "customer_owned_ipv4_pool": "",
            "enable_dns64": false,
            "enable_lni_at_device_index": 0,
            "enable_resource_name_dns_a_record_on_launch": false,
            "enable_resource_name_dns_aaaa_record_on_launch": false,
            "id": "subnet-0dbd9cc6ff8ad3c47",
            "ipv4_ipam_pool_id": null,
            "ipv4_netmask_length": null,
            "ipv6_cidr_block": "",
            "ipv6_cidr_block_association_id": "",
            "ipv6_ipam_pool_id": null,
            "ipv6_native": false,
            "ipv6_netmask_length": null,
            "map_customer_owned_ip_on_launch": false,
            "map_public_ip_on_launch": false,
            "outpost_arn": "",
            "owner_id": "396768596145",
            "private_dns_hostname_type_on_launch": "ip-name",
            "region": "us-west-2",
            "tags": {
              "Environment": "dev",
              "Name": "dvdrentals-datalake-vpc-private-us-west-2c",
              "Terraform": "true"
            },
            "tags_all": {
              "Environment": "dev",
              "Name": "dvdrentals-datalake-vpc-private-us-west-2c",
              "Terraform": "true"
            },
            "timeouts": null,
            "vpc_id": "vpc-08b21fcb6adabb92c"
          },
          "sensitive_attributes": [],
          "identity_schema_version": 0,
          "identity": {
            "account_id": "396768596145",
            "id": "subnet-0dbd9cc6ff8ad3c47",
            "region": "us-west-2"
          },
          "private": "eyJlMmJmYjczMC1lY2FhLTExZTYtOGY4OC0zNDM2M2JjN2M0YzAiOnsiY3JlYXRlIjo2MDAwMDAwMDAwMDAsImRlbGV0ZSI6MTIwMDAwMDAwMDAwMH0sInNjaGVtYV92ZXJzaW9uIjoiMSJ9",
          "dependencies": [
            "module.vpc.aws_vpc.this",
            "module.vpc.aws_vpc_ipv4_cidr_block_association.this"
          ]
        }
      ]
    },
    {
      "module": "module.vpc",
      "mode": "managed",
      "type": "aws_subnet",
      "name": "public",
      "provider": "provider[\"registry.terraform.io/hashicorp/aws\"]",
      "instances": [
        {
          "index_key": 0,
          "schema_version": 1,
          "attributes": {
            "arn": "arn:aws:ec2:us-west-2:396768596145:subnet/subnet-05a828432d169382e",
            "assign_ipv6_address_on_creation": false,
            "availability_zone": "us-west-2a",
            "availability_zone_id": "usw2-az2",
            "cidr_block": "10.0.101.0/24",
            "customer_owned_ipv4_pool": "",
            "enable_dns64": false,
            "enable_lni_at_device_index": 0,
            "enable_resource_name_dns_a_record_on_launch": false,
            "enable_resource_name_dns_aaaa_record_on_launch": false,
            "id": "subnet-05a828432d169382e",
            "ipv4_ipam_pool_id": null,
            "ipv4_netmask_length": null,
            "ipv6_cidr_block": "",
            "ipv6_cidr_block_association_id": "",
            "ipv6_ipam_pool_id": null,
            "ipv6_native": false,
            "ipv6_netmask_length": null,
            "map_customer_owned_ip_on_launch": false,
            "map_public_ip_on_launch": false,
            "outpost_arn": "",
            "owner_id": "396768596145",
            "private_dns_hostname_type_on_launch": "ip-name",
            "region": "us-west-2",
            "tags": {
              "Environment": "dev",
              "Name": "dvdrentals-datalake-vpc-public-us-west-2a",
              "Terraform": "true"
            },
            "tags_all": {
              "Environment": "dev",
              "Name": "dvdrentals-datalake-vpc-public-us-west-2a",
              "Terraform": "true"
            },
            "timeouts": null,
            "vpc_id": "vpc-08b21fcb6adabb92c"
          },
          "sensitive_attributes": [],
          "identity_schema_version": 0,
          "identity": {
            "account_id": "396768596145",
            "id": "subnet-05a828432d169382e",
            "region": "us-west-2"
          },
          "private": "eyJlMmJmYjczMC1lY2FhLTExZTYtOGY4OC0zNDM2M2JjN2M0YzAiOnsiY3JlYXRlIjo2MDAwMDAwMDAwMDAsImRlbGV0ZSI6MTIwMDAwMDAwMDAwMH0sInNjaGVtYV92ZXJzaW9uIjoiMSJ9",
          "dependencies": [
            "module.vpc.aws_vpc.this",
            "module.vpc.aws_vpc_ipv4_cidr_block_association.this"
          ]
        },
        {
          "index_key": 1,
          "schema_version": 1,
          "attributes": {
            "arn": "arn:aws:ec2:us-west-2:396768596145:subnet/subnet-0aaf943f8c06b12c9",
            "assign_ipv6_address_on_creation": false,
            "availability_zone": "us-west-2b",
            "availability_zone_id": "usw2-az1",
            "cidr_block": "10.0.102.0/24",
            "customer_owned_ipv4_pool": "",
            "enable_dns64": false,
            "enable_lni_at_device_index": 0,
            "enable_resource_name_dns_a_record_on_launch": false,
            "enable_resource_name_dns_aaaa_record_on_launch": false,
            "id": "subnet-0aaf943f8c06b12c9",
            "ipv4_ipam_pool_id": null,
            "ipv4_netmask_length": null,
            "ipv6_cidr_block": "",
            "ipv6_cidr_block_association_id": "",
            "ipv6_ipam_pool_id": null,
            "ipv6_native": false,
            "ipv6_netmask_length": null,
            "map_customer_owned_ip_on_launch": false,
            "map_public_ip_on_launch": false,
            "outpost_arn": "",
            "owner_id": "396768596145",
            "private_dns_hostname_type_on_launch": "ip-name",
            "region": "us-west-2",
            "tags": {
              "Environment": "dev",
              "Name": "dvdrentals-datalake-vpc-public-us-west-2b",
              "Terraform": "true"
            },
            "tags_all": {
              "Environment": "dev",
              "Name": "dvdrentals-datalake-vpc-public-us-west-2b",
              "Terraform": "true"
            },
            "timeouts": null,
            "vpc_id": "vpc-08b21fcb6adabb92c"
          },
          "sensitive_attributes": [],
          "identity_schema_version": 0,
          "identity": {
            "account_id": "396768596145",
            "id": "subnet-0aaf943f8c06b12c9",
            "region": "us-west-2"
          },
          "private": "eyJlMmJmYjczMC1lY2FhLTExZTYtOGY4OC0zNDM2M2JjN2M0YzAiOnsiY3JlYXRlIjo2MDAwMDAwMDAwMDAsImRlbGV0ZSI6MTIwMDAwMDAwMDAwMH0sInNjaGVtYV92ZXJzaW9uIjoiMSJ9",
          "dependencies": [
            "module.vpc.aws_vpc.this",
            "module.vpc.aws_vpc_ipv4_cidr_block_association.this"
          ]
        },
        {
          "index_key": 2,
          "schema_version": 1,
          "attributes": {
            "arn": "arn:aws:ec2:us-west-2:396768596145:subnet/subnet-0d7ab0cb58bcf99f1",
            "assign_ipv6_address_on_creation": false,
            "availability_zone": "us-west-2c",
            "availability_zone_id": "usw2-az3",
            "cidr_block": "10.0.103.0/24",
            "customer_owned_ipv4_pool": "",
            "enable_dns64": false,
            "enable_lni_at_device_index": 0,
            "enable_resource_name_dns_a_record_on_launch": false,
            "enable_resource_name_dns_aaaa_record_on_launch": false,
            "id": "subnet-0d7ab0cb58bcf99f1",
            "ipv4_ipam_pool_id": null,
            "ipv4_netmask_length": null,
            "ipv6_cidr_block": "",
            "ipv6_cidr_block_association_id": "",
            "ipv6_ipam_pool_id": null,
            "ipv6_native": false,
            "ipv6_netmask_length": null,
            "map_customer_owned_ip_on_launch": false,
            "map_public_ip_on_launch": false,
            "outpost_arn": "",
            "owner_id": "396768596145",
            "private_dns_hostname_type_on_launch": "ip-name",
            "region": "us-west-2",
            "tags": {
              "Environment": "dev",
              "Name": "dvdrentals-datalake-vpc-public-us-west-2c",
              "Terraform": "true"
            },
            "tags_all": {
              "Environment": "dev",
              "Name": "dvdrentals-datalake-vpc-public-us-west-2c",
              "Terraform": "true"
            },
            "timeouts": null,
            "vpc_id": "vpc-08b21fcb6adabb92c"
          },
          "sensitive_attributes": [],
          "identity_schema_version": 0,
          "identity": {
            "account_id": "396768596145",
            "id": "subnet-0d7ab0cb58bcf99f1",
            "region": "us-west-2"
          },
          "private": "eyJlMmJmYjczMC1lY2FhLTExZTYtOGY4OC0zNDM2M2JjN2M0YzAiOnsiY3JlYXRlIjo2MDAwMDAwMDAwMDAsImRlbGV0ZSI6MTIwMDAwMDAwMDAwMH0sInNjaGVtYV92ZXJzaW9uIjoiMSJ9",
          "dependencies": [
            "module.vpc.aws_vpc.this",
            "module.vpc.aws_vpc_ipv4_cidr_block_association.this"
          ]
        }
      ]
    },
    {
      "module": "module.vpc",
      "mode": "managed",
      "type": "aws_vpc",
      "name": "this",
      "provider": "provider[\"registry.terraform.io/hashicorp/aws\"]",
      "instances": [
        {
          "index_key": 0,
          "schema_version": 1,
          "attributes": {
            "arn": "arn:aws:ec2:us-west-2:396768596145:vpc/vpc-08b21fcb6adabb92c",
            "assign_generated_ipv6_cidr_block": false,
            "cidr_block": "10.0.0.0/16",
            "default_network_acl_id": "acl-0c1d6636509244d70",
            "default_route_table_id": "rtb-04d0f1371478fee32",
            "default_security_group_id": "sg-0472f6c1bbb76e145",
            "dhcp_options_id": "dopt-0a3d1e0b12001c485",
            "enable_dns_hostnames": true,
            "enable_dns_support": true,
            "enable_network_address_usage_metrics": false,
            "id": "vpc-08b21fcb6adabb92c",
            "instance_tenancy": "default",
            "ipv4_ipam_pool_id": null,
            "ipv4_netmask_length": null,
            "ipv6_association_id": "",
            "ipv6_cidr_block": "",
            "ipv6_cidr_block_network_border_group": "",
            "ipv6_ipam_pool_id": "",
            "ipv6_netmask_length": 0,
            "main_route_table_id": "rtb-04d0f1371478fee32",
            "owner_id": "396768596145",
            "region": "us-west-2",
            "tags": {
              "Environment": "dev",
              "Name": "dvdrentals-datalake-vpc",
              "Terraform": "true"
            },
            "tags_all": {
              "Environment": "dev",
              "Name": "dvdrentals-datalake-vpc",
              "Terraform": "true"
            }
          },
          "sensitive_attributes": [],
          "identity_schema_version": 0,
          "identity": {
            "account_id": "396768596145",
            "id": "vpc-08b21fcb6adabb92c",
            "region": "us-west-2"
          },
          "private": "eyJzY2hlbWFfdmVyc2lvbiI6IjEifQ=="
        }
      ]
    }
  ],
  "check_results": null
}
